{
  "version": 4,
  "terraform_version": "1.8.1",
  "serial": 147,
  "lineage": "9d40a901-57ce-04c1-eb9c-8690bc11f1b9",
  "outputs": {
    "databases_name": {
      "value": "lab-db-zeel",
      "type": "string"
    },
    "linux_vm_host_domain_names": {
      "value": "vm-n01660400-1, vm-n01660400-2, vm-n01660400-3",
      "type": "string"
    },
    "linux_vm_hostnames": {
      "value": "vm-n01660400-1, vm-n01660400-2, vm-n01660400-3",
      "type": "string"
    },
    "linux_vm_private_ips": {
      "value": "10.0.1.6, 10.0.1.4, 10.0.1.5",
      "type": "string"
    },
    "linux_vm_public_ips": {
      "value": ", , ",
      "type": "string"
    },
    "load_balancer_name": {
      "value": "AssignmentLoadbalancer",
      "type": "string"
    },
    "log_workspace_name": {
      "value": "n01660400-log-workspace",
      "type": "string"
    },
    "recovery_vault_name": {
      "value": "n01660400-recovery-vault",
      "type": "string"
    },
    "storage_account_name": {
      "value": "n01660400storage",
      "type": "string"
    },
    "subnet_name": {
      "value": "n01660400-SUBNET",
      "type": "string"
    },
    "virtual_network_name": {
      "value": "n01660400-VNET",
      "type": "string"
    },
    "windows_vm_host_domain_names": {
      "value": "wvm-n01660400-1",
      "type": "string"
    },
    "windows_vm_hostnames": {
      "value": "wvm-n01660400-1",
      "type": "string"
    }
  },
  "resources": [
    {
      "module": "module.common",
      "mode": "managed",
      "type": "azurerm_log_analytics_workspace",
      "name": "log_workspace",
      "provider": "provider[\"registry.terraform.io/hashicorp/azurerm\"]",
      "instances": [
        {
          "schema_version": 2,
          "attributes": {
            "daily_quota_gb": -1,
            "id": "/subscriptions/f33a3949-c701-4a60-ab8e-2899ff00ca83/resourceGroups/n01660400-rg/providers/Microsoft.OperationalInsights/workspaces/n01660400-log-workspace",
            "internet_ingestion_enabled": true,
            "internet_query_enabled": true,
            "location": "eastus",
            "name": "n01660400-log-workspace",
            "primary_shared_key": "vSWnFTJci/1jNiubwFpLptGnA7x+76YR7TUNZKlgGAKvvZ18yLv7hrRAmQ9GImuamTyYczP3rpM3hkoYA7aa0w==",
            "reservation_capacity_in_gb_per_day": null,
            "resource_group_name": "n01660400-rg",
            "retention_in_days": 30,
            "secondary_shared_key": "DiR7bO9W1kx3bTfr0UEnF4B5s8/jmwu071CNbWmj+eEIZR0COzsjM1g/QvtGuyybrUSmO75rA3dRmlhFcz/6ew==",
            "sku": "PerGB2018",
            "tags": {
              "Assignment": "CCGC 5502 Automation Assignment",
              "Environment": "Learning",
              "ExpirationDate": "2024-12-31",
              "Name": "Zeel.Patel"
            },
            "timeouts": null,
            "workspace_id": "03fa2f5a-b2bc-4ab4-9f46-dc637a278fa6"
          },
          "sensitive_attributes": [
            [
              {
                "type": "get_attr",
                "value": "secondary_shared_key"
              }
            ],
            [
              {
                "type": "get_attr",
                "value": "primary_shared_key"
              }
            ]
          ],
          "private": "eyJlMmJmYjczMC1lY2FhLTExZTYtOGY4OC0zNDM2M2JjN2M0YzAiOnsiY3JlYXRlIjoxODAwMDAwMDAwMDAwLCJkZWxldGUiOjE4MDAwMDAwMDAwMDAsInJlYWQiOjMwMDAwMDAwMDAwMCwidXBkYXRlIjoxODAwMDAwMDAwMDAwfSwic2NoZW1hX3ZlcnNpb24iOiIyIn0=",
          "dependencies": [
            "module.resource_groups.azurerm_resource_group.rg_name"
          ]
        }
      ]
    },
    {
      "module": "module.common",
      "mode": "managed",
      "type": "azurerm_recovery_services_vault",
      "name": "recovery_vault",
      "provider": "provider[\"registry.terraform.io/hashicorp/azurerm\"]",
      "instances": [
        {
          "schema_version": 0,
          "attributes": {
            "cross_region_restore_enabled": false,
            "encryption": [],
            "id": "/subscriptions/f33a3949-c701-4a60-ab8e-2899ff00ca83/resourceGroups/n01660400-rg/providers/Microsoft.RecoveryServices/vaults/n01660400-recovery-vault",
            "identity": [],
            "location": "eastus",
            "name": "n01660400-recovery-vault",
            "resource_group_name": "n01660400-rg",
            "sku": "Standard",
            "soft_delete_enabled": true,
            "storage_mode_type": "GeoRedundant",
            "tags": {
              "Assignment": "CCGC 5502 Automation Assignment",
              "Environment": "Learning",
              "ExpirationDate": "2024-12-31",
              "Name": "Zeel.Patel"
            },
            "timeouts": null
          },
          "sensitive_attributes": [],
          "private": "eyJlMmJmYjczMC1lY2FhLTExZTYtOGY4OC0zNDM2M2JjN2M0YzAiOnsiY3JlYXRlIjoxODAwMDAwMDAwMDAwLCJkZWxldGUiOjE4MDAwMDAwMDAwMDAsInJlYWQiOjMwMDAwMDAwMDAwMCwidXBkYXRlIjoxODAwMDAwMDAwMDAwfX0=",
          "dependencies": [
            "module.resource_groups.azurerm_resource_group.rg_name"
          ]
        }
      ]
    },
    {
      "module": "module.common",
      "mode": "managed",
      "type": "azurerm_storage_account",
      "name": "storage_account",
      "provider": "provider[\"registry.terraform.io/hashicorp/azurerm\"]",
      "instances": [
        {
          "schema_version": 3,
          "attributes": {
            "access_tier": "Hot",
            "account_kind": "StorageV2",
            "account_replication_type": "LRS",
            "account_tier": "Standard",
            "allow_nested_items_to_be_public": true,
            "azure_files_authentication": [],
            "blob_properties": [
              {
                "change_feed_enabled": false,
                "container_delete_retention_policy": [],
                "cors_rule": [],
                "default_service_version": "",
                "delete_retention_policy": [],
                "last_access_time_enabled": false,
                "versioning_enabled": false
              }
            ],
            "custom_domain": [],
            "customer_managed_key": [],
            "edge_zone": "",
            "enable_https_traffic_only": true,
            "id": "/subscriptions/f33a3949-c701-4a60-ab8e-2899ff00ca83/resourceGroups/n01660400-rg/providers/Microsoft.Storage/storageAccounts/n01660400storage",
            "identity": [],
            "infrastructure_encryption_enabled": false,
            "is_hns_enabled": false,
            "large_file_share_enabled": null,
            "location": "eastus",
            "min_tls_version": "TLS1_2",
            "name": "n01660400storage",
            "network_rules": [
              {
                "bypass": [
                  "AzureServices"
                ],
                "default_action": "Allow",
                "ip_rules": [],
                "private_link_access": [],
                "virtual_network_subnet_ids": []
              }
            ],
            "nfsv3_enabled": false,
            "primary_access_key": "w4ISVshCqd9Fiv1hpd45MM7wIS2zUP7IDg7b3G7SKKWJJwA+43Z3kHeTD4WPWx8L7xzChMGnWV7C+AStI5bvVg==",
            "primary_blob_connection_string": "DefaultEndpointsProtocol=https;BlobEndpoint=https://n01660400storage.blob.core.windows.net/;AccountName=n01660400storage;AccountKey=w4ISVshCqd9Fiv1hpd45MM7wIS2zUP7IDg7b3G7SKKWJJwA+43Z3kHeTD4WPWx8L7xzChMGnWV7C+AStI5bvVg==",
            "primary_blob_endpoint": "https://n01660400storage.blob.core.windows.net/",
            "primary_blob_host": "n01660400storage.blob.core.windows.net",
            "primary_connection_string": "DefaultEndpointsProtocol=https;AccountName=n01660400storage;AccountKey=w4ISVshCqd9Fiv1hpd45MM7wIS2zUP7IDg7b3G7SKKWJJwA+43Z3kHeTD4WPWx8L7xzChMGnWV7C+AStI5bvVg==;EndpointSuffix=core.windows.net",
            "primary_dfs_endpoint": "https://n01660400storage.dfs.core.windows.net/",
            "primary_dfs_host": "n01660400storage.dfs.core.windows.net",
            "primary_file_endpoint": "https://n01660400storage.file.core.windows.net/",
            "primary_file_host": "n01660400storage.file.core.windows.net",
            "primary_location": "eastus",
            "primary_queue_endpoint": "https://n01660400storage.queue.core.windows.net/",
            "primary_queue_host": "n01660400storage.queue.core.windows.net",
            "primary_table_endpoint": "https://n01660400storage.table.core.windows.net/",
            "primary_table_host": "n01660400storage.table.core.windows.net",
            "primary_web_endpoint": "https://n01660400storage.z13.web.core.windows.net/",
            "primary_web_host": "n01660400storage.z13.web.core.windows.net",
            "queue_encryption_key_type": "Service",
            "queue_properties": [
              {
                "cors_rule": [],
                "hour_metrics": [
                  {
                    "enabled": true,
                    "include_apis": true,
                    "retention_policy_days": 7,
                    "version": "1.0"
                  }
                ],
                "logging": [
                  {
                    "delete": false,
                    "read": false,
                    "retention_policy_days": 0,
                    "version": "1.0",
                    "write": false
                  }
                ],
                "minute_metrics": [
                  {
                    "enabled": false,
                    "include_apis": false,
                    "retention_policy_days": 0,
                    "version": "1.0"
                  }
                ]
              }
            ],
            "resource_group_name": "n01660400-rg",
            "routing": [],
            "secondary_access_key": "9Fv+NLbmd0fIWdlcVixzRp/PnDSVnwOwIKQC9i190a85uJ4H7KhqYdJOTH7VKorBr+xoWVQC0u91+AStCMA9QQ==",
            "secondary_blob_connection_string": "",
            "secondary_blob_endpoint": null,
            "secondary_blob_host": null,
            "secondary_connection_string": "DefaultEndpointsProtocol=https;AccountName=n01660400storage;AccountKey=9Fv+NLbmd0fIWdlcVixzRp/PnDSVnwOwIKQC9i190a85uJ4H7KhqYdJOTH7VKorBr+xoWVQC0u91+AStCMA9QQ==;EndpointSuffix=core.windows.net",
            "secondary_dfs_endpoint": null,
            "secondary_dfs_host": null,
            "secondary_file_endpoint": null,
            "secondary_file_host": null,
            "secondary_location": "",
            "secondary_queue_endpoint": null,
            "secondary_queue_host": null,
            "secondary_table_endpoint": null,
            "secondary_table_host": null,
            "secondary_web_endpoint": null,
            "secondary_web_host": null,
            "share_properties": [
              {
                "cors_rule": [],
                "retention_policy": [
                  {
                    "days": 7
                  }
                ],
                "smb": []
              }
            ],
            "shared_access_key_enabled": true,
            "static_website": [],
            "table_encryption_key_type": "Service",
            "tags": {
              "Assignment": "CCGC 5502 Automation Assignment",
              "Environment": "Learning",
              "ExpirationDate": "2024-12-31",
              "Name": "Zeel.Patel"
            },
            "timeouts": null
          },
          "sensitive_attributes": [
            [
              {
                "type": "get_attr",
                "value": "secondary_blob_connection_string"
              }
            ],
            [
              {
                "type": "get_attr",
                "value": "secondary_access_key"
              }
            ],
            [
              {
                "type": "get_attr",
                "value": "secondary_connection_string"
              }
            ],
            [
              {
                "type": "get_attr",
                "value": "primary_blob_connection_string"
              }
            ],
            [
              {
                "type": "get_attr",
                "value": "primary_connection_string"
              }
            ],
            [
              {
                "type": "get_attr",
                "value": "primary_access_key"
              }
            ]
          ],
          "private": "eyJlMmJmYjczMC1lY2FhLTExZTYtOGY4OC0zNDM2M2JjN2M0YzAiOnsiY3JlYXRlIjozNjAwMDAwMDAwMDAwLCJkZWxldGUiOjM2MDAwMDAwMDAwMDAsInJlYWQiOjMwMDAwMDAwMDAwMCwidXBkYXRlIjozNjAwMDAwMDAwMDAwfSwic2NoZW1hX3ZlcnNpb24iOiIzIn0=",
          "dependencies": [
            "module.resource_groups.azurerm_resource_group.rg_name"
          ]
        }
      ]
    },
    {
      "module": "module.data_disk",
      "mode": "managed",
      "type": "azurerm_managed_disk",
      "name": "disk",
      "provider": "provider[\"registry.terraform.io/hashicorp/azurerm\"]",
      "instances": [
        {
          "index_key": 0,
          "schema_version": 0,
          "attributes": {
            "create_option": "Empty",
            "disk_access_id": "",
            "disk_encryption_set_id": "",
            "disk_iops_read_only": 0,
            "disk_iops_read_write": 500,
            "disk_mbps_read_only": 0,
            "disk_mbps_read_write": 100,
            "disk_size_gb": 10,
            "edge_zone": "",
            "encryption_settings": [],
            "gallery_image_reference_id": "",
            "hyper_v_generation": "",
            "id": "/subscriptions/f33a3949-c701-4a60-ab8e-2899ff00ca83/resourceGroups/n01660400-rg/providers/Microsoft.Compute/disks/datadisk-1",
            "image_reference_id": "",
            "location": "eastus",
            "logical_sector_size": null,
            "max_shares": 0,
            "name": "datadisk-1",
            "network_access_policy": null,
            "on_demand_bursting_enabled": false,
            "os_type": "",
            "public_network_access_enabled": true,
            "resource_group_name": "n01660400-rg",
            "source_resource_id": "",
            "source_uri": "",
            "storage_account_id": "",
            "storage_account_type": "StandardSSD_LRS",
            "tags": {
              "Assignment": "CCGC 5502 Automation Assignment",
              "Environment": "Learning",
              "ExpirationDate": "2024-12-31",
              "Name": "Zeel.Patel"
            },
            "tier": "",
            "timeouts": null,
            "trusted_launch_enabled": false,
            "zone": ""
          },
          "sensitive_attributes": [],
          "private": "eyJlMmJmYjczMC1lY2FhLTExZTYtOGY4OC0zNDM2M2JjN2M0YzAiOnsiY3JlYXRlIjoxODAwMDAwMDAwMDAwLCJkZWxldGUiOjE4MDAwMDAwMDAwMDAsInJlYWQiOjMwMDAwMDAwMDAwMCwidXBkYXRlIjoxODAwMDAwMDAwMDAwfX0=",
          "dependencies": [
            "module.resource_groups.azurerm_resource_group.rg_name"
          ]
        },
        {
          "index_key": 1,
          "schema_version": 0,
          "attributes": {
            "create_option": "Empty",
            "disk_access_id": "",
            "disk_encryption_set_id": "",
            "disk_iops_read_only": 0,
            "disk_iops_read_write": 500,
            "disk_mbps_read_only": 0,
            "disk_mbps_read_write": 100,
            "disk_size_gb": 10,
            "edge_zone": "",
            "encryption_settings": [],
            "gallery_image_reference_id": "",
            "hyper_v_generation": "",
            "id": "/subscriptions/f33a3949-c701-4a60-ab8e-2899ff00ca83/resourceGroups/n01660400-rg/providers/Microsoft.Compute/disks/datadisk-2",
            "image_reference_id": "",
            "location": "eastus",
            "logical_sector_size": null,
            "max_shares": 0,
            "name": "datadisk-2",
            "network_access_policy": null,
            "on_demand_bursting_enabled": false,
            "os_type": "",
            "public_network_access_enabled": true,
            "resource_group_name": "n01660400-rg",
            "source_resource_id": "",
            "source_uri": "",
            "storage_account_id": "",
            "storage_account_type": "StandardSSD_LRS",
            "tags": {
              "Assignment": "CCGC 5502 Automation Assignment",
              "Environment": "Learning",
              "ExpirationDate": "2024-12-31",
              "Name": "Zeel.Patel"
            },
            "tier": "",
            "timeouts": null,
            "trusted_launch_enabled": false,
            "zone": ""
          },
          "sensitive_attributes": [],
          "private": "eyJlMmJmYjczMC1lY2FhLTExZTYtOGY4OC0zNDM2M2JjN2M0YzAiOnsiY3JlYXRlIjoxODAwMDAwMDAwMDAwLCJkZWxldGUiOjE4MDAwMDAwMDAwMDAsInJlYWQiOjMwMDAwMDAwMDAwMCwidXBkYXRlIjoxODAwMDAwMDAwMDAwfX0=",
          "dependencies": [
            "module.resource_groups.azurerm_resource_group.rg_name"
          ]
        },
        {
          "index_key": 2,
          "schema_version": 0,
          "attributes": {
            "create_option": "Empty",
            "disk_access_id": "",
            "disk_encryption_set_id": "",
            "disk_iops_read_only": 0,
            "disk_iops_read_write": 500,
            "disk_mbps_read_only": 0,
            "disk_mbps_read_write": 100,
            "disk_size_gb": 10,
            "edge_zone": "",
            "encryption_settings": [],
            "gallery_image_reference_id": "",
            "hyper_v_generation": "",
            "id": "/subscriptions/f33a3949-c701-4a60-ab8e-2899ff00ca83/resourceGroups/n01660400-rg/providers/Microsoft.Compute/disks/datadisk-3",
            "image_reference_id": "",
            "location": "eastus",
            "logical_sector_size": null,
            "max_shares": 0,
            "name": "datadisk-3",
            "network_access_policy": null,
            "on_demand_bursting_enabled": false,
            "os_type": "",
            "public_network_access_enabled": true,
            "resource_group_name": "n01660400-rg",
            "source_resource_id": "",
            "source_uri": "",
            "storage_account_id": "",
            "storage_account_type": "StandardSSD_LRS",
            "tags": {
              "Assignment": "CCGC 5502 Automation Assignment",
              "Environment": "Learning",
              "ExpirationDate": "2024-12-31",
              "Name": "Zeel.Patel"
            },
            "tier": "",
            "timeouts": null,
            "trusted_launch_enabled": false,
            "zone": ""
          },
          "sensitive_attributes": [],
          "private": "eyJlMmJmYjczMC1lY2FhLTExZTYtOGY4OC0zNDM2M2JjN2M0YzAiOnsiY3JlYXRlIjoxODAwMDAwMDAwMDAwLCJkZWxldGUiOjE4MDAwMDAwMDAwMDAsInJlYWQiOjMwMDAwMDAwMDAwMCwidXBkYXRlIjoxODAwMDAwMDAwMDAwfX0=",
          "dependencies": [
            "module.resource_groups.azurerm_resource_group.rg_name"
          ]
        },
        {
          "index_key": 3,
          "schema_version": 0,
          "attributes": {
            "create_option": "Empty",
            "disk_access_id": "",
            "disk_encryption_set_id": "",
            "disk_iops_read_only": 0,
            "disk_iops_read_write": 500,
            "disk_mbps_read_only": 0,
            "disk_mbps_read_write": 100,
            "disk_size_gb": 10,
            "edge_zone": "",
            "encryption_settings": [],
            "gallery_image_reference_id": "",
            "hyper_v_generation": "",
            "id": "/subscriptions/f33a3949-c701-4a60-ab8e-2899ff00ca83/resourceGroups/n01660400-rg/providers/Microsoft.Compute/disks/datadisk-4",
            "image_reference_id": "",
            "location": "eastus",
            "logical_sector_size": null,
            "max_shares": 0,
            "name": "datadisk-4",
            "network_access_policy": null,
            "on_demand_bursting_enabled": false,
            "os_type": "",
            "public_network_access_enabled": true,
            "resource_group_name": "n01660400-rg",
            "source_resource_id": "",
            "source_uri": "",
            "storage_account_id": "",
            "storage_account_type": "StandardSSD_LRS",
            "tags": {
              "Assignment": "CCGC 5502 Automation Assignment",
              "Environment": "Learning",
              "ExpirationDate": "2024-12-31",
              "Name": "Zeel.Patel"
            },
            "tier": "",
            "timeouts": null,
            "trusted_launch_enabled": false,
            "zone": ""
          },
          "sensitive_attributes": [],
          "private": "eyJlMmJmYjczMC1lY2FhLTExZTYtOGY4OC0zNDM2M2JjN2M0YzAiOnsiY3JlYXRlIjoxODAwMDAwMDAwMDAwLCJkZWxldGUiOjE4MDAwMDAwMDAwMDAsInJlYWQiOjMwMDAwMDAwMDAwMCwidXBkYXRlIjoxODAwMDAwMDAwMDAwfX0=",
          "dependencies": [
            "module.resource_groups.azurerm_resource_group.rg_name"
          ]
        }
      ]
    },
    {
      "module": "module.data_disk",
      "mode": "managed",
      "type": "azurerm_virtual_machine_data_disk_attachment",
      "name": "disk_attch",
      "provider": "provider[\"registry.terraform.io/hashicorp/azurerm\"]",
      "instances": [
        {
          "index_key": 0,
          "schema_version": 0,
          "attributes": {
            "caching": "ReadWrite",
            "create_option": "Attach",
            "id": "/subscriptions/f33a3949-c701-4a60-ab8e-2899ff00ca83/resourceGroups/n01660400-rg/providers/Microsoft.Compute/virtualMachines/vm-n01660400-1/dataDisks/datadisk-1",
            "lun": 0,
            "managed_disk_id": "/subscriptions/f33a3949-c701-4a60-ab8e-2899ff00ca83/resourceGroups/n01660400-rg/providers/Microsoft.Compute/disks/datadisk-1",
            "timeouts": null,
            "virtual_machine_id": "/subscriptions/f33a3949-c701-4a60-ab8e-2899ff00ca83/resourceGroups/n01660400-rg/providers/Microsoft.Compute/virtualMachines/vm-n01660400-1",
            "write_accelerator_enabled": false
          },
          "sensitive_attributes": [],
          "private": "eyJlMmJmYjczMC1lY2FhLTExZTYtOGY4OC0zNDM2M2JjN2M0YzAiOnsiY3JlYXRlIjoxODAwMDAwMDAwMDAwLCJkZWxldGUiOjE4MDAwMDAwMDAwMDAsInJlYWQiOjMwMDAwMDAwMDAwMCwidXBkYXRlIjoxODAwMDAwMDAwMDAwfX0=",
          "dependencies": [
            "module.common.azurerm_storage_account.storage_account",
            "module.data_disk.azurerm_managed_disk.disk",
            "module.linux_vm.azurerm_availability_set.linux_avs",
            "module.linux_vm.azurerm_linux_virtual_machine.vm-linux",
            "module.linux_vm.azurerm_network_interface.linux-nic",
            "module.linux_vm.azurerm_public_ip.linux-ip",
            "module.network.azurerm_subnet.subnet",
            "module.network.azurerm_virtual_network.vnet",
            "module.resource_groups.azurerm_resource_group.rg_name",
            "module.windows_vm.azurerm_availability_set.windows_avs",
            "module.windows_vm.azurerm_network_interface.windows-nic",
            "module.windows_vm.azurerm_public_ip.windows-ip",
            "module.windows_vm.azurerm_windows_virtual_machine.vm-windows"
          ]
        },
        {
          "index_key": 1,
          "schema_version": 0,
          "attributes": {
            "caching": "ReadWrite",
            "create_option": "Attach",
            "id": "/subscriptions/f33a3949-c701-4a60-ab8e-2899ff00ca83/resourceGroups/n01660400-rg/providers/Microsoft.Compute/virtualMachines/vm-n01660400-2/dataDisks/datadisk-2",
            "lun": 1,
            "managed_disk_id": "/subscriptions/f33a3949-c701-4a60-ab8e-2899ff00ca83/resourceGroups/n01660400-rg/providers/Microsoft.Compute/disks/datadisk-2",
            "timeouts": null,
            "virtual_machine_id": "/subscriptions/f33a3949-c701-4a60-ab8e-2899ff00ca83/resourceGroups/n01660400-rg/providers/Microsoft.Compute/virtualMachines/vm-n01660400-2",
            "write_accelerator_enabled": false
          },
          "sensitive_attributes": [],
          "private": "eyJlMmJmYjczMC1lY2FhLTExZTYtOGY4OC0zNDM2M2JjN2M0YzAiOnsiY3JlYXRlIjoxODAwMDAwMDAwMDAwLCJkZWxldGUiOjE4MDAwMDAwMDAwMDAsInJlYWQiOjMwMDAwMDAwMDAwMCwidXBkYXRlIjoxODAwMDAwMDAwMDAwfX0=",
          "dependencies": [
            "module.common.azurerm_storage_account.storage_account",
            "module.data_disk.azurerm_managed_disk.disk",
            "module.linux_vm.azurerm_availability_set.linux_avs",
            "module.linux_vm.azurerm_linux_virtual_machine.vm-linux",
            "module.linux_vm.azurerm_network_interface.linux-nic",
            "module.linux_vm.azurerm_public_ip.linux-ip",
            "module.network.azurerm_subnet.subnet",
            "module.network.azurerm_virtual_network.vnet",
            "module.resource_groups.azurerm_resource_group.rg_name",
            "module.windows_vm.azurerm_availability_set.windows_avs",
            "module.windows_vm.azurerm_network_interface.windows-nic",
            "module.windows_vm.azurerm_public_ip.windows-ip",
            "module.windows_vm.azurerm_windows_virtual_machine.vm-windows"
          ]
        },
        {
          "index_key": 2,
          "schema_version": 0,
          "attributes": {
            "caching": "ReadWrite",
            "create_option": "Attach",
            "id": "/subscriptions/f33a3949-c701-4a60-ab8e-2899ff00ca83/resourceGroups/n01660400-rg/providers/Microsoft.Compute/virtualMachines/vm-n01660400-3/dataDisks/datadisk-3",
            "lun": 2,
            "managed_disk_id": "/subscriptions/f33a3949-c701-4a60-ab8e-2899ff00ca83/resourceGroups/n01660400-rg/providers/Microsoft.Compute/disks/datadisk-3",
            "timeouts": null,
            "virtual_machine_id": "/subscriptions/f33a3949-c701-4a60-ab8e-2899ff00ca83/resourceGroups/n01660400-rg/providers/Microsoft.Compute/virtualMachines/vm-n01660400-3",
            "write_accelerator_enabled": false
          },
          "sensitive_attributes": [],
          "private": "eyJlMmJmYjczMC1lY2FhLTExZTYtOGY4OC0zNDM2M2JjN2M0YzAiOnsiY3JlYXRlIjoxODAwMDAwMDAwMDAwLCJkZWxldGUiOjE4MDAwMDAwMDAwMDAsInJlYWQiOjMwMDAwMDAwMDAwMCwidXBkYXRlIjoxODAwMDAwMDAwMDAwfX0=",
          "dependencies": [
            "module.common.azurerm_storage_account.storage_account",
            "module.data_disk.azurerm_managed_disk.disk",
            "module.linux_vm.azurerm_availability_set.linux_avs",
            "module.linux_vm.azurerm_linux_virtual_machine.vm-linux",
            "module.linux_vm.azurerm_network_interface.linux-nic",
            "module.linux_vm.azurerm_public_ip.linux-ip",
            "module.network.azurerm_subnet.subnet",
            "module.network.azurerm_virtual_network.vnet",
            "module.resource_groups.azurerm_resource_group.rg_name",
            "module.windows_vm.azurerm_availability_set.windows_avs",
            "module.windows_vm.azurerm_network_interface.windows-nic",
            "module.windows_vm.azurerm_public_ip.windows-ip",
            "module.windows_vm.azurerm_windows_virtual_machine.vm-windows"
          ]
        },
        {
          "index_key": 3,
          "schema_version": 0,
          "attributes": {
            "caching": "ReadWrite",
            "create_option": "Attach",
            "id": "/subscriptions/f33a3949-c701-4a60-ab8e-2899ff00ca83/resourceGroups/n01660400-rg/providers/Microsoft.Compute/virtualMachines/wvm-n01660400-1/dataDisks/datadisk-4",
            "lun": 3,
            "managed_disk_id": "/subscriptions/f33a3949-c701-4a60-ab8e-2899ff00ca83/resourceGroups/n01660400-rg/providers/Microsoft.Compute/disks/datadisk-4",
            "timeouts": null,
            "virtual_machine_id": "/subscriptions/f33a3949-c701-4a60-ab8e-2899ff00ca83/resourceGroups/n01660400-rg/providers/Microsoft.Compute/virtualMachines/wvm-n01660400-1",
            "write_accelerator_enabled": false
          },
          "sensitive_attributes": [],
          "private": "eyJlMmJmYjczMC1lY2FhLTExZTYtOGY4OC0zNDM2M2JjN2M0YzAiOnsiY3JlYXRlIjoxODAwMDAwMDAwMDAwLCJkZWxldGUiOjE4MDAwMDAwMDAwMDAsInJlYWQiOjMwMDAwMDAwMDAwMCwidXBkYXRlIjoxODAwMDAwMDAwMDAwfX0=",
          "dependencies": [
            "module.common.azurerm_storage_account.storage_account",
            "module.data_disk.azurerm_managed_disk.disk",
            "module.linux_vm.azurerm_availability_set.linux_avs",
            "module.linux_vm.azurerm_linux_virtual_machine.vm-linux",
            "module.linux_vm.azurerm_network_interface.linux-nic",
            "module.linux_vm.azurerm_public_ip.linux-ip",
            "module.network.azurerm_subnet.subnet",
            "module.network.azurerm_virtual_network.vnet",
            "module.resource_groups.azurerm_resource_group.rg_name",
            "module.windows_vm.azurerm_availability_set.windows_avs",
            "module.windows_vm.azurerm_network_interface.windows-nic",
            "module.windows_vm.azurerm_public_ip.windows-ip",
            "module.windows_vm.azurerm_windows_virtual_machine.vm-windows"
          ]
        }
      ]
    },
    {
      "module": "module.database",
      "mode": "managed",
      "type": "azurerm_postgresql_server",
      "name": "database",
      "provider": "provider[\"registry.terraform.io/hashicorp/azurerm\"]",
      "instances": [
        {
          "schema_version": 0,
          "attributes": {
            "administrator_login": "azureuser",
            "administrator_login_password": "Admin1234",
            "auto_grow_enabled": true,
            "backup_retention_days": 7,
            "create_mode": "Default",
            "creation_source_server_id": null,
            "fqdn": "lab-db-zeel.postgres.database.azure.com",
            "geo_redundant_backup_enabled": false,
            "id": "/subscriptions/f33a3949-c701-4a60-ab8e-2899ff00ca83/resourceGroups/n01660400-rg/providers/Microsoft.DBforPostgreSQL/servers/lab-db-zeel",
            "identity": [],
            "infrastructure_encryption_enabled": false,
            "location": "eastus",
            "name": "lab-db-zeel",
            "public_network_access_enabled": true,
            "resource_group_name": "n01660400-rg",
            "restore_point_in_time": null,
            "sku_name": "B_Gen5_1",
            "ssl_enforcement_enabled": true,
            "ssl_minimal_tls_version_enforced": "TLS1_2",
            "storage_mb": 5120,
            "tags": {
              "Assignment": "CCGC 5502 Automation Assignment",
              "Environment": "Learning",
              "ExpirationDate": "2024-12-31",
              "Name": "Zeel.Patel"
            },
            "threat_detection_policy": [],
            "timeouts": null,
            "version": "10"
          },
          "sensitive_attributes": [
            [
              {
                "type": "get_attr",
                "value": "administrator_login_password"
              }
            ]
          ],
          "private": "eyJlMmJmYjczMC1lY2FhLTExZTYtOGY4OC0zNDM2M2JjN2M0YzAiOnsiY3JlYXRlIjozNjAwMDAwMDAwMDAwLCJkZWxldGUiOjM2MDAwMDAwMDAwMDAsInJlYWQiOjMwMDAwMDAwMDAwMCwidXBkYXRlIjozNjAwMDAwMDAwMDAwfX0=",
          "dependencies": [
            "module.resource_groups.azurerm_resource_group.rg_name"
          ]
        }
      ]
    },
    {
      "module": "module.linux_vm",
      "mode": "managed",
      "type": "azurerm_availability_set",
      "name": "linux_avs",
      "provider": "provider[\"registry.terraform.io/hashicorp/azurerm\"]",
      "instances": [
        {
          "schema_version": 0,
          "attributes": {
            "id": "/subscriptions/f33a3949-c701-4a60-ab8e-2899ff00ca83/resourceGroups/n01660400-rg/providers/Microsoft.Compute/availabilitySets/vm-n01660400-avs",
            "location": "eastus",
            "managed": true,
            "name": "vm-n01660400-avs",
            "platform_fault_domain_count": 2,
            "platform_update_domain_count": 5,
            "proximity_placement_group_id": null,
            "resource_group_name": "n01660400-rg",
            "tags": {
              "Assignment": "CCGC 5502 Automation Assignment",
              "Environment": "Learning",
              "ExpirationDate": "2024-12-31",
              "Name": "Zeel.Patel"
            },
            "timeouts": null
          },
          "sensitive_attributes": [],
          "private": "eyJlMmJmYjczMC1lY2FhLTExZTYtOGY4OC0zNDM2M2JjN2M0YzAiOnsiY3JlYXRlIjoxODAwMDAwMDAwMDAwLCJkZWxldGUiOjE4MDAwMDAwMDAwMDAsInJlYWQiOjMwMDAwMDAwMDAwMCwidXBkYXRlIjoxODAwMDAwMDAwMDAwfX0=",
          "dependencies": [
            "module.resource_groups.azurerm_resource_group.rg_name"
          ]
        }
      ]
    },
    {
      "module": "module.linux_vm",
      "mode": "managed",
      "type": "azurerm_linux_virtual_machine",
      "name": "vm-linux",
      "provider": "provider[\"registry.terraform.io/hashicorp/azurerm\"]",
      "instances": [
        {
          "index_key": 0,
          "schema_version": 0,
          "attributes": {
            "additional_capabilities": [],
            "admin_password": null,
            "admin_ssh_key": [
              {
                "public_key": "ssh-rsa AAAAB3NzaC1yc2EAAAADAQABAAACAQDmvc178zqPaBSYpbVd2kevVxWkUrIrrsGrG1pjFoKVXGfJFHhrjMrMR88dDV6N8RkDQ1EcvNp5ZeAt571h39DtznJlfG9tNszm6cWnrkWMkAMs7xFj7CAIfP760RdvS0bPZIyScBHQUQXW1pAmKxJNdlAw5lkxV2ZHlgJ4OQ6/sRFRhJE4Xmxin3sLSB6NuswWvVT6XeZKT4WXVceMr5eA3rfX96E1GHZL2BmRGKyMw0wbIF4qph+tRB8zzbwHnh6oPFGKDV+L0yVDDu2p0IlUG7KGbfcwPSld8JA+ad8kju8MehuDQdBrcMnloZHX2g059Ai/4b25JZkfY++9BgkTCKS29cPbb9F7pb2gP3bplDg/Z9rZVl/aNF/G0OVsOxwHnj7NCL0tOKbMOGktjOGEZNoMPDAcnNqolw4AN+VhtV4ak/96H1hqq2d9l3OwVIXyFhvm4Qi8jSNdER91ICeg4uHKCv3lF0DyexqIqVAfp5Mqh3eVmwTyQyL6SP2S9AqWCNn8CSu9XaghLXSPnaevwwsphQUdIxxW+CS4YKYo+xAnzqxcM+pee+E6DH1SDyB3N2k0yRfJpK0m7eJDX91y7zR5PlM+xOucGwoQkLwevICqR1LeiRfahWw5vL1iqzpRWdfWV2vxdgGDsZt2WoSIK2JR1glVxAMZDSJgo32TZw== 16mscit125@gmail.com\n",
                "username": "Japan"
              }
            ],
            "admin_username": "Japan",
            "allow_extension_operations": true,
            "availability_set_id": "/subscriptions/f33a3949-c701-4a60-ab8e-2899ff00ca83/resourceGroups/n01660400-rg/providers/Microsoft.Compute/availabilitySets/VM-N01660400-AVS",
            "boot_diagnostics": [
              {
                "storage_account_uri": "https://n01660400storage.blob.core.windows.net/"
              }
            ],
            "computer_name": "vm-n01660400-1",
            "custom_data": null,
            "dedicated_host_group_id": "",
            "dedicated_host_id": "",
            "disable_password_authentication": true,
            "edge_zone": "",
            "encryption_at_host_enabled": false,
            "eviction_policy": "",
            "extensions_time_budget": "PT1H30M",
            "id": "/subscriptions/f33a3949-c701-4a60-ab8e-2899ff00ca83/resourceGroups/n01660400-rg/providers/Microsoft.Compute/virtualMachines/vm-n01660400-1",
            "identity": [],
            "license_type": "",
            "location": "eastus",
            "max_bid_price": -1,
            "name": "vm-n01660400-1",
            "network_interface_ids": [
              "/subscriptions/f33a3949-c701-4a60-ab8e-2899ff00ca83/resourceGroups/n01660400-rg/providers/Microsoft.Network/networkInterfaces/linux-nic-vm-n01660400-1"
            ],
            "os_disk": [
              {
                "caching": "ReadWrite",
                "diff_disk_settings": [],
                "disk_encryption_set_id": "",
                "disk_size_gb": 32,
                "name": "vm-n01660400-osdisk-1",
                "storage_account_type": "Premium_LRS",
                "write_accelerator_enabled": false
              }
            ],
            "patch_mode": "ImageDefault",
            "plan": [],
            "platform_fault_domain": -1,
            "priority": "Regular",
            "private_ip_address": "10.0.1.6",
            "private_ip_addresses": [
              "10.0.1.6"
            ],
            "provision_vm_agent": true,
            "proximity_placement_group_id": "",
            "public_ip_address": "52.168.173.25",
            "public_ip_addresses": [
              "52.168.173.25"
            ],
            "resource_group_name": "n01660400-rg",
            "secret": [],
            "secure_boot_enabled": false,
            "size": "Standard_B1s",
            "source_image_id": "",
            "source_image_reference": [
              {
                "offer": "CentOS",
                "publisher": "OpenLogic",
                "sku": "8_1-gen2",
                "version": "8.1.2020111901"
              }
            ],
            "tags": {
              "Assignment": "CCGC 5502 Automation Assignment",
              "Environment": "Learning",
              "ExpirationDate": "2024-12-31",
              "Name": "Zeel.Patel"
            },
            "termination_notification": null,
            "timeouts": null,
            "user_data": "",
            "virtual_machine_id": "0a9462d1-ed65-4f7c-8ef7-a01a508f7b55",
            "virtual_machine_scale_set_id": "",
            "vtpm_enabled": false,
            "zone": ""
          },
          "sensitive_attributes": [
            [
              {
                "type": "get_attr",
                "value": "admin_password"
              }
            ],
            [
              {
                "type": "get_attr",
                "value": "custom_data"
              }
            ]
          ],
          "private": "eyJlMmJmYjczMC1lY2FhLTExZTYtOGY4OC0zNDM2M2JjN2M0YzAiOnsiY3JlYXRlIjoyNzAwMDAwMDAwMDAwLCJkZWxldGUiOjI3MDAwMDAwMDAwMDAsInJlYWQiOjMwMDAwMDAwMDAwMCwidXBkYXRlIjoyNzAwMDAwMDAwMDAwfX0=",
          "dependencies": [
            "module.common.azurerm_storage_account.storage_account",
            "module.linux_vm.azurerm_availability_set.linux_avs",
            "module.linux_vm.azurerm_network_interface.linux-nic",
            "module.linux_vm.azurerm_public_ip.linux-ip",
            "module.network.azurerm_subnet.subnet",
            "module.network.azurerm_virtual_network.vnet",
            "module.resource_groups.azurerm_resource_group.rg_name"
          ]
        },
        {
          "index_key": 1,
          "schema_version": 0,
          "attributes": {
            "additional_capabilities": [],
            "admin_password": null,
            "admin_ssh_key": [
              {
                "public_key": "ssh-rsa AAAAB3NzaC1yc2EAAAADAQABAAACAQDmvc178zqPaBSYpbVd2kevVxWkUrIrrsGrG1pjFoKVXGfJFHhrjMrMR88dDV6N8RkDQ1EcvNp5ZeAt571h39DtznJlfG9tNszm6cWnrkWMkAMs7xFj7CAIfP760RdvS0bPZIyScBHQUQXW1pAmKxJNdlAw5lkxV2ZHlgJ4OQ6/sRFRhJE4Xmxin3sLSB6NuswWvVT6XeZKT4WXVceMr5eA3rfX96E1GHZL2BmRGKyMw0wbIF4qph+tRB8zzbwHnh6oPFGKDV+L0yVDDu2p0IlUG7KGbfcwPSld8JA+ad8kju8MehuDQdBrcMnloZHX2g059Ai/4b25JZkfY++9BgkTCKS29cPbb9F7pb2gP3bplDg/Z9rZVl/aNF/G0OVsOxwHnj7NCL0tOKbMOGktjOGEZNoMPDAcnNqolw4AN+VhtV4ak/96H1hqq2d9l3OwVIXyFhvm4Qi8jSNdER91ICeg4uHKCv3lF0DyexqIqVAfp5Mqh3eVmwTyQyL6SP2S9AqWCNn8CSu9XaghLXSPnaevwwsphQUdIxxW+CS4YKYo+xAnzqxcM+pee+E6DH1SDyB3N2k0yRfJpK0m7eJDX91y7zR5PlM+xOucGwoQkLwevICqR1LeiRfahWw5vL1iqzpRWdfWV2vxdgGDsZt2WoSIK2JR1glVxAMZDSJgo32TZw== 16mscit125@gmail.com\n",
                "username": "Japan"
              }
            ],
            "admin_username": "Japan",
            "allow_extension_operations": true,
            "availability_set_id": "/subscriptions/f33a3949-c701-4a60-ab8e-2899ff00ca83/resourceGroups/n01660400-rg/providers/Microsoft.Compute/availabilitySets/VM-N01660400-AVS",
            "boot_diagnostics": [
              {
                "storage_account_uri": "https://n01660400storage.blob.core.windows.net/"
              }
            ],
            "computer_name": "vm-n01660400-2",
            "custom_data": null,
            "dedicated_host_group_id": "",
            "dedicated_host_id": "",
            "disable_password_authentication": true,
            "edge_zone": "",
            "encryption_at_host_enabled": false,
            "eviction_policy": "",
            "extensions_time_budget": "PT1H30M",
            "id": "/subscriptions/f33a3949-c701-4a60-ab8e-2899ff00ca83/resourceGroups/n01660400-rg/providers/Microsoft.Compute/virtualMachines/vm-n01660400-2",
            "identity": [],
            "license_type": "",
            "location": "eastus",
            "max_bid_price": -1,
            "name": "vm-n01660400-2",
            "network_interface_ids": [
              "/subscriptions/f33a3949-c701-4a60-ab8e-2899ff00ca83/resourceGroups/n01660400-rg/providers/Microsoft.Network/networkInterfaces/linux-nic-vm-n01660400-2"
            ],
            "os_disk": [
              {
                "caching": "ReadWrite",
                "diff_disk_settings": [],
                "disk_encryption_set_id": "",
                "disk_size_gb": 32,
                "name": "vm-n01660400-osdisk-2",
                "storage_account_type": "Premium_LRS",
                "write_accelerator_enabled": false
              }
            ],
            "patch_mode": "ImageDefault",
            "plan": [],
            "platform_fault_domain": -1,
            "priority": "Regular",
            "private_ip_address": "10.0.1.4",
            "private_ip_addresses": [
              "10.0.1.4"
            ],
            "provision_vm_agent": true,
            "proximity_placement_group_id": "",
            "public_ip_address": "52.168.168.185",
            "public_ip_addresses": [
              "52.168.168.185"
            ],
            "resource_group_name": "n01660400-rg",
            "secret": [],
            "secure_boot_enabled": false,
            "size": "Standard_B1s",
            "source_image_id": "",
            "source_image_reference": [
              {
                "offer": "CentOS",
                "publisher": "OpenLogic",
                "sku": "8_1-gen2",
                "version": "8.1.2020111901"
              }
            ],
            "tags": {
              "Assignment": "CCGC 5502 Automation Assignment",
              "Environment": "Learning",
              "ExpirationDate": "2024-12-31",
              "Name": "Zeel.Patel"
            },
            "termination_notification": null,
            "timeouts": null,
            "user_data": "",
            "virtual_machine_id": "346073f8-c4f4-4208-b0ae-703664dc0f64",
            "virtual_machine_scale_set_id": "",
            "vtpm_enabled": false,
            "zone": ""
          },
          "sensitive_attributes": [
            [
              {
                "type": "get_attr",
                "value": "custom_data"
              }
            ],
            [
              {
                "type": "get_attr",
                "value": "admin_password"
              }
            ]
          ],
          "private": "eyJlMmJmYjczMC1lY2FhLTExZTYtOGY4OC0zNDM2M2JjN2M0YzAiOnsiY3JlYXRlIjoyNzAwMDAwMDAwMDAwLCJkZWxldGUiOjI3MDAwMDAwMDAwMDAsInJlYWQiOjMwMDAwMDAwMDAwMCwidXBkYXRlIjoyNzAwMDAwMDAwMDAwfX0=",
          "dependencies": [
            "module.common.azurerm_storage_account.storage_account",
            "module.linux_vm.azurerm_availability_set.linux_avs",
            "module.linux_vm.azurerm_network_interface.linux-nic",
            "module.linux_vm.azurerm_public_ip.linux-ip",
            "module.network.azurerm_subnet.subnet",
            "module.network.azurerm_virtual_network.vnet",
            "module.resource_groups.azurerm_resource_group.rg_name"
          ]
        },
        {
          "index_key": 2,
          "schema_version": 0,
          "attributes": {
            "additional_capabilities": [],
            "admin_password": null,
            "admin_ssh_key": [
              {
                "public_key": "ssh-rsa AAAAB3NzaC1yc2EAAAADAQABAAACAQDmvc178zqPaBSYpbVd2kevVxWkUrIrrsGrG1pjFoKVXGfJFHhrjMrMR88dDV6N8RkDQ1EcvNp5ZeAt571h39DtznJlfG9tNszm6cWnrkWMkAMs7xFj7CAIfP760RdvS0bPZIyScBHQUQXW1pAmKxJNdlAw5lkxV2ZHlgJ4OQ6/sRFRhJE4Xmxin3sLSB6NuswWvVT6XeZKT4WXVceMr5eA3rfX96E1GHZL2BmRGKyMw0wbIF4qph+tRB8zzbwHnh6oPFGKDV+L0yVDDu2p0IlUG7KGbfcwPSld8JA+ad8kju8MehuDQdBrcMnloZHX2g059Ai/4b25JZkfY++9BgkTCKS29cPbb9F7pb2gP3bplDg/Z9rZVl/aNF/G0OVsOxwHnj7NCL0tOKbMOGktjOGEZNoMPDAcnNqolw4AN+VhtV4ak/96H1hqq2d9l3OwVIXyFhvm4Qi8jSNdER91ICeg4uHKCv3lF0DyexqIqVAfp5Mqh3eVmwTyQyL6SP2S9AqWCNn8CSu9XaghLXSPnaevwwsphQUdIxxW+CS4YKYo+xAnzqxcM+pee+E6DH1SDyB3N2k0yRfJpK0m7eJDX91y7zR5PlM+xOucGwoQkLwevICqR1LeiRfahWw5vL1iqzpRWdfWV2vxdgGDsZt2WoSIK2JR1glVxAMZDSJgo32TZw== 16mscit125@gmail.com\n",
                "username": "Japan"
              }
            ],
            "admin_username": "Japan",
            "allow_extension_operations": true,
            "availability_set_id": "/subscriptions/f33a3949-c701-4a60-ab8e-2899ff00ca83/resourceGroups/n01660400-rg/providers/Microsoft.Compute/availabilitySets/VM-N01660400-AVS",
            "boot_diagnostics": [
              {
                "storage_account_uri": "https://n01660400storage.blob.core.windows.net/"
              }
            ],
            "computer_name": "vm-n01660400-3",
            "custom_data": null,
            "dedicated_host_group_id": "",
            "dedicated_host_id": "",
            "disable_password_authentication": true,
            "edge_zone": "",
            "encryption_at_host_enabled": false,
            "eviction_policy": "",
            "extensions_time_budget": "PT1H30M",
            "id": "/subscriptions/f33a3949-c701-4a60-ab8e-2899ff00ca83/resourceGroups/n01660400-rg/providers/Microsoft.Compute/virtualMachines/vm-n01660400-3",
            "identity": [],
            "license_type": "",
            "location": "eastus",
            "max_bid_price": -1,
            "name": "vm-n01660400-3",
            "network_interface_ids": [
              "/subscriptions/f33a3949-c701-4a60-ab8e-2899ff00ca83/resourceGroups/n01660400-rg/providers/Microsoft.Network/networkInterfaces/linux-nic-vm-n01660400-3"
            ],
            "os_disk": [
              {
                "caching": "ReadWrite",
                "diff_disk_settings": [],
                "disk_encryption_set_id": "",
                "disk_size_gb": 32,
                "name": "vm-n01660400-osdisk-3",
                "storage_account_type": "Premium_LRS",
                "write_accelerator_enabled": false
              }
            ],
            "patch_mode": "ImageDefault",
            "plan": [],
            "platform_fault_domain": -1,
            "priority": "Regular",
            "private_ip_address": "10.0.1.5",
            "private_ip_addresses": [
              "10.0.1.5"
            ],
            "provision_vm_agent": true,
            "proximity_placement_group_id": "",
            "public_ip_address": "52.170.26.48",
            "public_ip_addresses": [
              "52.170.26.48"
            ],
            "resource_group_name": "n01660400-rg",
            "secret": [],
            "secure_boot_enabled": false,
            "size": "Standard_B1s",
            "source_image_id": "",
            "source_image_reference": [
              {
                "offer": "CentOS",
                "publisher": "OpenLogic",
                "sku": "8_1-gen2",
                "version": "8.1.2020111901"
              }
            ],
            "tags": {
              "Assignment": "CCGC 5502 Automation Assignment",
              "Environment": "Learning",
              "ExpirationDate": "2024-12-31",
              "Name": "Zeel.Patel"
            },
            "termination_notification": null,
            "timeouts": null,
            "user_data": "",
            "virtual_machine_id": "95043cba-2e29-4ad4-ab34-f7a680b050d4",
            "virtual_machine_scale_set_id": "",
            "vtpm_enabled": false,
            "zone": ""
          },
          "sensitive_attributes": [
            [
              {
                "type": "get_attr",
                "value": "custom_data"
              }
            ],
            [
              {
                "type": "get_attr",
                "value": "admin_password"
              }
            ]
          ],
          "private": "eyJlMmJmYjczMC1lY2FhLTExZTYtOGY4OC0zNDM2M2JjN2M0YzAiOnsiY3JlYXRlIjoyNzAwMDAwMDAwMDAwLCJkZWxldGUiOjI3MDAwMDAwMDAwMDAsInJlYWQiOjMwMDAwMDAwMDAwMCwidXBkYXRlIjoyNzAwMDAwMDAwMDAwfX0=",
          "dependencies": [
            "module.common.azurerm_storage_account.storage_account",
            "module.linux_vm.azurerm_availability_set.linux_avs",
            "module.linux_vm.azurerm_network_interface.linux-nic",
            "module.linux_vm.azurerm_public_ip.linux-ip",
            "module.network.azurerm_subnet.subnet",
            "module.network.azurerm_virtual_network.vnet",
            "module.resource_groups.azurerm_resource_group.rg_name"
          ]
        }
      ]
    },
    {
      "module": "module.linux_vm",
      "mode": "managed",
      "type": "azurerm_network_interface",
      "name": "linux-nic",
      "provider": "provider[\"registry.terraform.io/hashicorp/azurerm\"]",
      "instances": [
        {
          "index_key": 0,
          "schema_version": 0,
          "attributes": {
            "applied_dns_servers": [],
            "dns_servers": [],
            "edge_zone": "",
            "enable_accelerated_networking": false,
            "enable_ip_forwarding": false,
            "id": "/subscriptions/f33a3949-c701-4a60-ab8e-2899ff00ca83/resourceGroups/n01660400-rg/providers/Microsoft.Network/networkInterfaces/linux-nic-vm-n01660400-1",
            "internal_dns_name_label": "",
            "internal_domain_name_suffix": "vyydnbf13ktu3eqzihsekyotid.bx.internal.cloudapp.net",
            "ip_configuration": [
              {
                "gateway_load_balancer_frontend_ip_configuration_id": "",
                "name": "vm-n01660400-ipconfig-1",
                "primary": true,
                "private_ip_address": "10.0.1.6",
                "private_ip_address_allocation": "Dynamic",
                "private_ip_address_version": "IPv4",
                "public_ip_address_id": "/subscriptions/f33a3949-c701-4a60-ab8e-2899ff00ca83/resourceGroups/n01660400-rg/providers/Microsoft.Network/publicIPAddresses/vm-n01660400-1-pip",
                "subnet_id": "/subscriptions/f33a3949-c701-4a60-ab8e-2899ff00ca83/resourceGroups/n01660400-rg/providers/Microsoft.Network/virtualNetworks/n01660400-VNET/subnets/n01660400-SUBNET"
              }
            ],
            "location": "eastus",
            "mac_address": "",
            "name": "linux-nic-vm-n01660400-1",
            "private_ip_address": "10.0.1.6",
            "private_ip_addresses": [
              "10.0.1.6"
            ],
            "resource_group_name": "n01660400-rg",
            "tags": {
              "Assignment": "CCGC 5502 Automation Assignment",
              "Environment": "Learning",
              "ExpirationDate": "2024-12-31",
              "Name": "Zeel.Patel"
            },
            "timeouts": null,
            "virtual_machine_id": ""
          },
          "sensitive_attributes": [],
          "private": "eyJlMmJmYjczMC1lY2FhLTExZTYtOGY4OC0zNDM2M2JjN2M0YzAiOnsiY3JlYXRlIjoxODAwMDAwMDAwMDAwLCJkZWxldGUiOjE4MDAwMDAwMDAwMDAsInJlYWQiOjMwMDAwMDAwMDAwMCwidXBkYXRlIjoxODAwMDAwMDAwMDAwfX0=",
          "dependencies": [
            "module.linux_vm.azurerm_public_ip.linux-ip",
            "module.network.azurerm_subnet.subnet",
            "module.network.azurerm_virtual_network.vnet",
            "module.resource_groups.azurerm_resource_group.rg_name"
          ]
        },
        {
          "index_key": 1,
          "schema_version": 0,
          "attributes": {
            "applied_dns_servers": [],
            "dns_servers": [],
            "edge_zone": "",
            "enable_accelerated_networking": false,
            "enable_ip_forwarding": false,
            "id": "/subscriptions/f33a3949-c701-4a60-ab8e-2899ff00ca83/resourceGroups/n01660400-rg/providers/Microsoft.Network/networkInterfaces/linux-nic-vm-n01660400-2",
            "internal_dns_name_label": "",
            "internal_domain_name_suffix": "vyydnbf13ktu3eqzihsekyotid.bx.internal.cloudapp.net",
            "ip_configuration": [
              {
                "gateway_load_balancer_frontend_ip_configuration_id": "",
                "name": "vm-n01660400-ipconfig-2",
                "primary": true,
                "private_ip_address": "10.0.1.4",
                "private_ip_address_allocation": "Dynamic",
                "private_ip_address_version": "IPv4",
                "public_ip_address_id": "/subscriptions/f33a3949-c701-4a60-ab8e-2899ff00ca83/resourceGroups/n01660400-rg/providers/Microsoft.Network/publicIPAddresses/vm-n01660400-2-pip",
                "subnet_id": "/subscriptions/f33a3949-c701-4a60-ab8e-2899ff00ca83/resourceGroups/n01660400-rg/providers/Microsoft.Network/virtualNetworks/n01660400-VNET/subnets/n01660400-SUBNET"
              }
            ],
            "location": "eastus",
            "mac_address": "",
            "name": "linux-nic-vm-n01660400-2",
            "private_ip_address": "10.0.1.4",
            "private_ip_addresses": [
              "10.0.1.4"
            ],
            "resource_group_name": "n01660400-rg",
            "tags": {
              "Assignment": "CCGC 5502 Automation Assignment",
              "Environment": "Learning",
              "ExpirationDate": "2024-12-31",
              "Name": "Zeel.Patel"
            },
            "timeouts": null,
            "virtual_machine_id": ""
          },
          "sensitive_attributes": [],
          "private": "eyJlMmJmYjczMC1lY2FhLTExZTYtOGY4OC0zNDM2M2JjN2M0YzAiOnsiY3JlYXRlIjoxODAwMDAwMDAwMDAwLCJkZWxldGUiOjE4MDAwMDAwMDAwMDAsInJlYWQiOjMwMDAwMDAwMDAwMCwidXBkYXRlIjoxODAwMDAwMDAwMDAwfX0=",
          "dependencies": [
            "module.linux_vm.azurerm_public_ip.linux-ip",
            "module.network.azurerm_subnet.subnet",
            "module.network.azurerm_virtual_network.vnet",
            "module.resource_groups.azurerm_resource_group.rg_name"
          ]
        },
        {
          "index_key": 2,
          "schema_version": 0,
          "attributes": {
            "applied_dns_servers": [],
            "dns_servers": [],
            "edge_zone": "",
            "enable_accelerated_networking": false,
            "enable_ip_forwarding": false,
            "id": "/subscriptions/f33a3949-c701-4a60-ab8e-2899ff00ca83/resourceGroups/n01660400-rg/providers/Microsoft.Network/networkInterfaces/linux-nic-vm-n01660400-3",
            "internal_dns_name_label": "",
            "internal_domain_name_suffix": "vyydnbf13ktu3eqzihsekyotid.bx.internal.cloudapp.net",
            "ip_configuration": [
              {
                "gateway_load_balancer_frontend_ip_configuration_id": "",
                "name": "vm-n01660400-ipconfig-3",
                "primary": true,
                "private_ip_address": "10.0.1.5",
                "private_ip_address_allocation": "Dynamic",
                "private_ip_address_version": "IPv4",
                "public_ip_address_id": "/subscriptions/f33a3949-c701-4a60-ab8e-2899ff00ca83/resourceGroups/n01660400-rg/providers/Microsoft.Network/publicIPAddresses/vm-n01660400-3-pip",
                "subnet_id": "/subscriptions/f33a3949-c701-4a60-ab8e-2899ff00ca83/resourceGroups/n01660400-rg/providers/Microsoft.Network/virtualNetworks/n01660400-VNET/subnets/n01660400-SUBNET"
              }
            ],
            "location": "eastus",
            "mac_address": "",
            "name": "linux-nic-vm-n01660400-3",
            "private_ip_address": "10.0.1.5",
            "private_ip_addresses": [
              "10.0.1.5"
            ],
            "resource_group_name": "n01660400-rg",
            "tags": {
              "Assignment": "CCGC 5502 Automation Assignment",
              "Environment": "Learning",
              "ExpirationDate": "2024-12-31",
              "Name": "Zeel.Patel"
            },
            "timeouts": null,
            "virtual_machine_id": ""
          },
          "sensitive_attributes": [],
          "private": "eyJlMmJmYjczMC1lY2FhLTExZTYtOGY4OC0zNDM2M2JjN2M0YzAiOnsiY3JlYXRlIjoxODAwMDAwMDAwMDAwLCJkZWxldGUiOjE4MDAwMDAwMDAwMDAsInJlYWQiOjMwMDAwMDAwMDAwMCwidXBkYXRlIjoxODAwMDAwMDAwMDAwfX0=",
          "dependencies": [
            "module.linux_vm.azurerm_public_ip.linux-ip",
            "module.network.azurerm_subnet.subnet",
            "module.network.azurerm_virtual_network.vnet",
            "module.resource_groups.azurerm_resource_group.rg_name"
          ]
        }
      ]
    },
    {
      "module": "module.linux_vm",
      "mode": "managed",
      "type": "azurerm_public_ip",
      "name": "linux-ip",
      "provider": "provider[\"registry.terraform.io/hashicorp/azurerm\"]",
      "instances": [
        {
          "index_key": 0,
          "schema_version": 0,
          "attributes": {
            "allocation_method": "Dynamic",
            "domain_name_label": "vm-n01660400-1",
            "edge_zone": "",
            "fqdn": "vm-n01660400-1.eastus.cloudapp.azure.com",
            "id": "/subscriptions/f33a3949-c701-4a60-ab8e-2899ff00ca83/resourceGroups/n01660400-rg/providers/Microsoft.Network/publicIPAddresses/vm-n01660400-1-pip",
            "idle_timeout_in_minutes": 4,
            "ip_address": "",
            "ip_tags": null,
            "ip_version": "IPv4",
            "location": "eastus",
            "name": "vm-n01660400-1-pip",
            "public_ip_prefix_id": null,
            "resource_group_name": "n01660400-rg",
            "reverse_fqdn": "",
            "sku": "Basic",
            "sku_tier": "Regional",
            "tags": {
              "Assignment": "CCGC 5502 Automation Assignment",
              "Environment": "Learning",
              "ExpirationDate": "2024-12-31",
              "Name": "Zeel.Patel"
            },
            "timeouts": null,
            "zones": null
          },
          "sensitive_attributes": [],
          "private": "eyJlMmJmYjczMC1lY2FhLTExZTYtOGY4OC0zNDM2M2JjN2M0YzAiOnsiY3JlYXRlIjoxODAwMDAwMDAwMDAwLCJkZWxldGUiOjE4MDAwMDAwMDAwMDAsInJlYWQiOjMwMDAwMDAwMDAwMCwidXBkYXRlIjoxODAwMDAwMDAwMDAwfX0=",
          "dependencies": [
            "module.resource_groups.azurerm_resource_group.rg_name"
          ]
        },
        {
          "index_key": 1,
          "schema_version": 0,
          "attributes": {
            "allocation_method": "Dynamic",
            "domain_name_label": "vm-n01660400-2",
            "edge_zone": "",
            "fqdn": "vm-n01660400-2.eastus.cloudapp.azure.com",
            "id": "/subscriptions/f33a3949-c701-4a60-ab8e-2899ff00ca83/resourceGroups/n01660400-rg/providers/Microsoft.Network/publicIPAddresses/vm-n01660400-2-pip",
            "idle_timeout_in_minutes": 4,
            "ip_address": "",
            "ip_tags": null,
            "ip_version": "IPv4",
            "location": "eastus",
            "name": "vm-n01660400-2-pip",
            "public_ip_prefix_id": null,
            "resource_group_name": "n01660400-rg",
            "reverse_fqdn": "",
            "sku": "Basic",
            "sku_tier": "Regional",
            "tags": {
              "Assignment": "CCGC 5502 Automation Assignment",
              "Environment": "Learning",
              "ExpirationDate": "2024-12-31",
              "Name": "Zeel.Patel"
            },
            "timeouts": null,
            "zones": null
          },
          "sensitive_attributes": [],
          "private": "eyJlMmJmYjczMC1lY2FhLTExZTYtOGY4OC0zNDM2M2JjN2M0YzAiOnsiY3JlYXRlIjoxODAwMDAwMDAwMDAwLCJkZWxldGUiOjE4MDAwMDAwMDAwMDAsInJlYWQiOjMwMDAwMDAwMDAwMCwidXBkYXRlIjoxODAwMDAwMDAwMDAwfX0=",
          "dependencies": [
            "module.resource_groups.azurerm_resource_group.rg_name"
          ]
        },
        {
          "index_key": 2,
          "schema_version": 0,
          "attributes": {
            "allocation_method": "Dynamic",
            "domain_name_label": "vm-n01660400-3",
            "edge_zone": "",
            "fqdn": "vm-n01660400-3.eastus.cloudapp.azure.com",
            "id": "/subscriptions/f33a3949-c701-4a60-ab8e-2899ff00ca83/resourceGroups/n01660400-rg/providers/Microsoft.Network/publicIPAddresses/vm-n01660400-3-pip",
            "idle_timeout_in_minutes": 4,
            "ip_address": "",
            "ip_tags": null,
            "ip_version": "IPv4",
            "location": "eastus",
            "name": "vm-n01660400-3-pip",
            "public_ip_prefix_id": null,
            "resource_group_name": "n01660400-rg",
            "reverse_fqdn": "",
            "sku": "Basic",
            "sku_tier": "Regional",
            "tags": {
              "Assignment": "CCGC 5502 Automation Assignment",
              "Environment": "Learning",
              "ExpirationDate": "2024-12-31",
              "Name": "Zeel.Patel"
            },
            "timeouts": null,
            "zones": null
          },
          "sensitive_attributes": [],
          "private": "eyJlMmJmYjczMC1lY2FhLTExZTYtOGY4OC0zNDM2M2JjN2M0YzAiOnsiY3JlYXRlIjoxODAwMDAwMDAwMDAwLCJkZWxldGUiOjE4MDAwMDAwMDAwMDAsInJlYWQiOjMwMDAwMDAwMDAwMCwidXBkYXRlIjoxODAwMDAwMDAwMDAwfX0=",
          "dependencies": [
            "module.resource_groups.azurerm_resource_group.rg_name"
          ]
        }
      ]
    },
    {
      "module": "module.linux_vm",
      "mode": "managed",
      "type": "azurerm_virtual_machine_extension",
      "name": "vm-linux-monitor",
      "provider": "provider[\"registry.terraform.io/hashicorp/azurerm\"]",
      "instances": [
        {
          "index_key": 0,
          "schema_version": 0,
          "attributes": {
            "auto_upgrade_minor_version": false,
            "automatic_upgrade_enabled": false,
            "id": "/subscriptions/f33a3949-c701-4a60-ab8e-2899ff00ca83/resourceGroups/n01660400-rg/providers/Microsoft.Compute/virtualMachines/vm-n01660400-1/extensions/vm-n01660400-1-monitor",
            "name": "vm-n01660400-1-monitor",
            "protected_settings": null,
            "publisher": "Microsoft.Azure.Monitor",
            "settings": null,
            "tags": {
              "Assignment": "CCGC 5502 Automation Assignment",
              "Environment": "Learning",
              "ExpirationDate": "2024-12-31",
              "Name": "Zeel.Patel"
            },
            "timeouts": null,
            "type": "AzureMonitorLinuxAgent",
            "type_handler_version": "1.6",
            "virtual_machine_id": "/subscriptions/f33a3949-c701-4a60-ab8e-2899ff00ca83/resourceGroups/n01660400-rg/providers/Microsoft.Compute/virtualMachines/vm-n01660400-1"
          },
          "sensitive_attributes": [
            [
              {
                "type": "get_attr",
                "value": "protected_settings"
              }
            ]
          ],
          "private": "eyJlMmJmYjczMC1lY2FhLTExZTYtOGY4OC0zNDM2M2JjN2M0YzAiOnsiY3JlYXRlIjoxODAwMDAwMDAwMDAwLCJkZWxldGUiOjE4MDAwMDAwMDAwMDAsInJlYWQiOjMwMDAwMDAwMDAwMCwidXBkYXRlIjoxODAwMDAwMDAwMDAwfX0=",
          "dependencies": [
            "module.common.azurerm_storage_account.storage_account",
            "module.linux_vm.azurerm_availability_set.linux_avs",
            "module.linux_vm.azurerm_linux_virtual_machine.vm-linux",
            "module.linux_vm.azurerm_network_interface.linux-nic",
            "module.linux_vm.azurerm_public_ip.linux-ip",
            "module.network.azurerm_subnet.subnet",
            "module.network.azurerm_virtual_network.vnet",
            "module.resource_groups.azurerm_resource_group.rg_name"
          ]
        },
        {
          "index_key": 1,
          "schema_version": 0,
          "attributes": {
            "auto_upgrade_minor_version": false,
            "automatic_upgrade_enabled": false,
            "id": "/subscriptions/f33a3949-c701-4a60-ab8e-2899ff00ca83/resourceGroups/n01660400-rg/providers/Microsoft.Compute/virtualMachines/vm-n01660400-2/extensions/vm-n01660400-2-monitor",
            "name": "vm-n01660400-2-monitor",
            "protected_settings": null,
            "publisher": "Microsoft.Azure.Monitor",
            "settings": null,
            "tags": {
              "Assignment": "CCGC 5502 Automation Assignment",
              "Environment": "Learning",
              "ExpirationDate": "2024-12-31",
              "Name": "Zeel.Patel"
            },
            "timeouts": null,
            "type": "AzureMonitorLinuxAgent",
            "type_handler_version": "1.6",
            "virtual_machine_id": "/subscriptions/f33a3949-c701-4a60-ab8e-2899ff00ca83/resourceGroups/n01660400-rg/providers/Microsoft.Compute/virtualMachines/vm-n01660400-2"
          },
          "sensitive_attributes": [
            [
              {
                "type": "get_attr",
                "value": "protected_settings"
              }
            ]
          ],
          "private": "eyJlMmJmYjczMC1lY2FhLTExZTYtOGY4OC0zNDM2M2JjN2M0YzAiOnsiY3JlYXRlIjoxODAwMDAwMDAwMDAwLCJkZWxldGUiOjE4MDAwMDAwMDAwMDAsInJlYWQiOjMwMDAwMDAwMDAwMCwidXBkYXRlIjoxODAwMDAwMDAwMDAwfX0=",
          "dependencies": [
            "module.common.azurerm_storage_account.storage_account",
            "module.linux_vm.azurerm_availability_set.linux_avs",
            "module.linux_vm.azurerm_linux_virtual_machine.vm-linux",
            "module.linux_vm.azurerm_network_interface.linux-nic",
            "module.linux_vm.azurerm_public_ip.linux-ip",
            "module.network.azurerm_subnet.subnet",
            "module.network.azurerm_virtual_network.vnet",
            "module.resource_groups.azurerm_resource_group.rg_name"
          ]
        },
        {
          "index_key": 2,
          "schema_version": 0,
          "attributes": {
            "auto_upgrade_minor_version": false,
            "automatic_upgrade_enabled": false,
            "id": "/subscriptions/f33a3949-c701-4a60-ab8e-2899ff00ca83/resourceGroups/n01660400-rg/providers/Microsoft.Compute/virtualMachines/vm-n01660400-3/extensions/vm-n01660400-3-monitor",
            "name": "vm-n01660400-3-monitor",
            "protected_settings": null,
            "publisher": "Microsoft.Azure.Monitor",
            "settings": null,
            "tags": {
              "Assignment": "CCGC 5502 Automation Assignment",
              "Environment": "Learning",
              "ExpirationDate": "2024-12-31",
              "Name": "Zeel.Patel"
            },
            "timeouts": null,
            "type": "AzureMonitorLinuxAgent",
            "type_handler_version": "1.6",
            "virtual_machine_id": "/subscriptions/f33a3949-c701-4a60-ab8e-2899ff00ca83/resourceGroups/n01660400-rg/providers/Microsoft.Compute/virtualMachines/vm-n01660400-3"
          },
          "sensitive_attributes": [
            [
              {
                "type": "get_attr",
                "value": "protected_settings"
              }
            ]
          ],
          "private": "eyJlMmJmYjczMC1lY2FhLTExZTYtOGY4OC0zNDM2M2JjN2M0YzAiOnsiY3JlYXRlIjoxODAwMDAwMDAwMDAwLCJkZWxldGUiOjE4MDAwMDAwMDAwMDAsInJlYWQiOjMwMDAwMDAwMDAwMCwidXBkYXRlIjoxODAwMDAwMDAwMDAwfX0=",
          "dependencies": [
            "module.common.azurerm_storage_account.storage_account",
            "module.linux_vm.azurerm_availability_set.linux_avs",
            "module.linux_vm.azurerm_linux_virtual_machine.vm-linux",
            "module.linux_vm.azurerm_network_interface.linux-nic",
            "module.linux_vm.azurerm_public_ip.linux-ip",
            "module.network.azurerm_subnet.subnet",
            "module.network.azurerm_virtual_network.vnet",
            "module.resource_groups.azurerm_resource_group.rg_name"
          ]
        }
      ]
    },
    {
      "module": "module.linux_vm",
      "mode": "managed",
      "type": "azurerm_virtual_machine_extension",
      "name": "vm-linux-nwa",
      "provider": "provider[\"registry.terraform.io/hashicorp/azurerm\"]",
      "instances": [
        {
          "index_key": 0,
          "schema_version": 0,
          "attributes": {
            "auto_upgrade_minor_version": false,
            "automatic_upgrade_enabled": false,
            "id": "/subscriptions/f33a3949-c701-4a60-ab8e-2899ff00ca83/resourceGroups/n01660400-rg/providers/Microsoft.Compute/virtualMachines/vm-n01660400-1/extensions/vm-n01660400-1-nwa",
            "name": "vm-n01660400-1-nwa",
            "protected_settings": "            {\r\n                \"workspaceKey\": \"vSWnFTJci/1jNiubwFpLptGnA7x+76YR7TUNZKlgGAKvvZ18yLv7hrRAmQ9GImuamTyYczP3rpM3hkoYA7aa0w==\"\r\n            }\r\n",
            "publisher": "Microsoft.Azure.NetworkWatcher",
            "settings": "{\"workspaceId\":\"/subscriptions/f33a3949-c701-4a60-ab8e-2899ff00ca83/resourceGroups/n01660400-rg/providers/Microsoft.OperationalInsights/workspaces/n01660400-log-workspace\"}",
            "tags": {
              "Assignment": "CCGC 5502 Automation Assignment",
              "Environment": "Learning",
              "ExpirationDate": "2024-12-31",
              "Name": "Zeel.Patel"
            },
            "timeouts": null,
            "type": "NetworkWatcherAgentLinux",
            "type_handler_version": "1.4",
            "virtual_machine_id": "/subscriptions/f33a3949-c701-4a60-ab8e-2899ff00ca83/resourceGroups/n01660400-rg/providers/Microsoft.Compute/virtualMachines/vm-n01660400-1"
          },
          "sensitive_attributes": [
            [
              {
                "type": "get_attr",
                "value": "protected_settings"
              }
            ]
          ],
          "private": "eyJlMmJmYjczMC1lY2FhLTExZTYtOGY4OC0zNDM2M2JjN2M0YzAiOnsiY3JlYXRlIjoxODAwMDAwMDAwMDAwLCJkZWxldGUiOjE4MDAwMDAwMDAwMDAsInJlYWQiOjMwMDAwMDAwMDAwMCwidXBkYXRlIjoxODAwMDAwMDAwMDAwfX0=",
          "dependencies": [
            "module.common.azurerm_log_analytics_workspace.log_workspace",
            "module.common.azurerm_storage_account.storage_account",
            "module.linux_vm.azurerm_availability_set.linux_avs",
            "module.linux_vm.azurerm_linux_virtual_machine.vm-linux",
            "module.linux_vm.azurerm_network_interface.linux-nic",
            "module.linux_vm.azurerm_public_ip.linux-ip",
            "module.network.azurerm_subnet.subnet",
            "module.network.azurerm_virtual_network.vnet",
            "module.resource_groups.azurerm_resource_group.rg_name"
          ]
        },
        {
          "index_key": 1,
          "schema_version": 0,
          "attributes": {
            "auto_upgrade_minor_version": false,
            "automatic_upgrade_enabled": false,
            "id": "/subscriptions/f33a3949-c701-4a60-ab8e-2899ff00ca83/resourceGroups/n01660400-rg/providers/Microsoft.Compute/virtualMachines/vm-n01660400-2/extensions/vm-n01660400-2-nwa",
            "name": "vm-n01660400-2-nwa",
            "protected_settings": "            {\r\n                \"workspaceKey\": \"vSWnFTJci/1jNiubwFpLptGnA7x+76YR7TUNZKlgGAKvvZ18yLv7hrRAmQ9GImuamTyYczP3rpM3hkoYA7aa0w==\"\r\n            }\r\n",
            "publisher": "Microsoft.Azure.NetworkWatcher",
            "settings": "{\"workspaceId\":\"/subscriptions/f33a3949-c701-4a60-ab8e-2899ff00ca83/resourceGroups/n01660400-rg/providers/Microsoft.OperationalInsights/workspaces/n01660400-log-workspace\"}",
            "tags": {
              "Assignment": "CCGC 5502 Automation Assignment",
              "Environment": "Learning",
              "ExpirationDate": "2024-12-31",
              "Name": "Zeel.Patel"
            },
            "timeouts": null,
            "type": "NetworkWatcherAgentLinux",
            "type_handler_version": "1.4",
            "virtual_machine_id": "/subscriptions/f33a3949-c701-4a60-ab8e-2899ff00ca83/resourceGroups/n01660400-rg/providers/Microsoft.Compute/virtualMachines/vm-n01660400-2"
          },
          "sensitive_attributes": [
            [
              {
                "type": "get_attr",
                "value": "protected_settings"
              }
            ]
          ],
          "private": "eyJlMmJmYjczMC1lY2FhLTExZTYtOGY4OC0zNDM2M2JjN2M0YzAiOnsiY3JlYXRlIjoxODAwMDAwMDAwMDAwLCJkZWxldGUiOjE4MDAwMDAwMDAwMDAsInJlYWQiOjMwMDAwMDAwMDAwMCwidXBkYXRlIjoxODAwMDAwMDAwMDAwfX0=",
          "dependencies": [
            "module.common.azurerm_log_analytics_workspace.log_workspace",
            "module.common.azurerm_storage_account.storage_account",
            "module.linux_vm.azurerm_availability_set.linux_avs",
            "module.linux_vm.azurerm_linux_virtual_machine.vm-linux",
            "module.linux_vm.azurerm_network_interface.linux-nic",
            "module.linux_vm.azurerm_public_ip.linux-ip",
            "module.network.azurerm_subnet.subnet",
            "module.network.azurerm_virtual_network.vnet",
            "module.resource_groups.azurerm_resource_group.rg_name"
          ]
        },
        {
          "index_key": 2,
          "schema_version": 0,
          "attributes": {
            "auto_upgrade_minor_version": false,
            "automatic_upgrade_enabled": false,
            "id": "/subscriptions/f33a3949-c701-4a60-ab8e-2899ff00ca83/resourceGroups/n01660400-rg/providers/Microsoft.Compute/virtualMachines/vm-n01660400-3/extensions/vm-n01660400-3-nwa",
            "name": "vm-n01660400-3-nwa",
            "protected_settings": "            {\r\n                \"workspaceKey\": \"vSWnFTJci/1jNiubwFpLptGnA7x+76YR7TUNZKlgGAKvvZ18yLv7hrRAmQ9GImuamTyYczP3rpM3hkoYA7aa0w==\"\r\n            }\r\n",
            "publisher": "Microsoft.Azure.NetworkWatcher",
            "settings": "{\"workspaceId\":\"/subscriptions/f33a3949-c701-4a60-ab8e-2899ff00ca83/resourceGroups/n01660400-rg/providers/Microsoft.OperationalInsights/workspaces/n01660400-log-workspace\"}",
            "tags": {
              "Assignment": "CCGC 5502 Automation Assignment",
              "Environment": "Learning",
              "ExpirationDate": "2024-12-31",
              "Name": "Zeel.Patel"
            },
            "timeouts": null,
            "type": "NetworkWatcherAgentLinux",
            "type_handler_version": "1.4",
            "virtual_machine_id": "/subscriptions/f33a3949-c701-4a60-ab8e-2899ff00ca83/resourceGroups/n01660400-rg/providers/Microsoft.Compute/virtualMachines/vm-n01660400-3"
          },
          "sensitive_attributes": [
            [
              {
                "type": "get_attr",
                "value": "protected_settings"
              }
            ]
          ],
          "private": "eyJlMmJmYjczMC1lY2FhLTExZTYtOGY4OC0zNDM2M2JjN2M0YzAiOnsiY3JlYXRlIjoxODAwMDAwMDAwMDAwLCJkZWxldGUiOjE4MDAwMDAwMDAwMDAsInJlYWQiOjMwMDAwMDAwMDAwMCwidXBkYXRlIjoxODAwMDAwMDAwMDAwfX0=",
          "dependencies": [
            "module.common.azurerm_log_analytics_workspace.log_workspace",
            "module.common.azurerm_storage_account.storage_account",
            "module.linux_vm.azurerm_availability_set.linux_avs",
            "module.linux_vm.azurerm_linux_virtual_machine.vm-linux",
            "module.linux_vm.azurerm_network_interface.linux-nic",
            "module.linux_vm.azurerm_public_ip.linux-ip",
            "module.network.azurerm_subnet.subnet",
            "module.network.azurerm_virtual_network.vnet",
            "module.resource_groups.azurerm_resource_group.rg_name"
          ]
        }
      ]
    },
    {
      "module": "module.linux_vm",
      "mode": "managed",
      "type": "null_resource",
      "name": "ansible",
      "provider": "provider[\"registry.terraform.io/hashicorp/null\"]",
      "instances": [
        {
          "index_key": 0,
          "status": "tainted",
          "schema_version": 0,
          "attributes": {
            "id": "806646706898431550",
            "triggers": {
              "always_run": "2024-04-19T21:03:30Z"
            }
          },
          "sensitive_attributes": [],
          "dependencies": [
            "module.common.azurerm_storage_account.storage_account",
            "module.linux_vm.azurerm_availability_set.linux_avs",
            "module.linux_vm.azurerm_linux_virtual_machine.vm-linux",
            "module.linux_vm.azurerm_network_interface.linux-nic",
            "module.linux_vm.azurerm_public_ip.linux-ip",
            "module.network.azurerm_subnet.subnet",
            "module.network.azurerm_virtual_network.vnet",
            "module.resource_groups.azurerm_resource_group.rg_name"
          ]
        },
        {
          "index_key": 1,
          "status": "tainted",
          "schema_version": 0,
          "attributes": {
            "id": "8532676125701555224",
            "triggers": {
              "always_run": "2024-04-19T21:03:30Z"
            }
          },
          "sensitive_attributes": [],
          "dependencies": [
            "module.common.azurerm_storage_account.storage_account",
            "module.linux_vm.azurerm_availability_set.linux_avs",
            "module.linux_vm.azurerm_linux_virtual_machine.vm-linux",
            "module.linux_vm.azurerm_network_interface.linux-nic",
            "module.linux_vm.azurerm_public_ip.linux-ip",
            "module.network.azurerm_subnet.subnet",
            "module.network.azurerm_virtual_network.vnet",
            "module.resource_groups.azurerm_resource_group.rg_name"
          ]
        },
        {
          "index_key": 2,
          "status": "tainted",
          "schema_version": 0,
          "attributes": {
            "id": "6744598534907370164",
            "triggers": {
              "always_run": "2024-04-19T21:03:30Z"
            }
          },
          "sensitive_attributes": [],
          "dependencies": [
            "module.common.azurerm_storage_account.storage_account",
            "module.linux_vm.azurerm_availability_set.linux_avs",
            "module.linux_vm.azurerm_linux_virtual_machine.vm-linux",
            "module.linux_vm.azurerm_network_interface.linux-nic",
            "module.linux_vm.azurerm_public_ip.linux-ip",
            "module.network.azurerm_subnet.subnet",
            "module.network.azurerm_virtual_network.vnet",
            "module.resource_groups.azurerm_resource_group.rg_name"
          ]
        }
      ]
    },
    {
      "module": "module.loadbalancer",
      "mode": "managed",
      "type": "azurerm_lb",
      "name": "lb",
      "provider": "provider[\"registry.terraform.io/hashicorp/azurerm\"]",
      "instances": [
        {
          "schema_version": 0,
          "attributes": {
            "edge_zone": "",
            "frontend_ip_configuration": [
              {
                "gateway_load_balancer_frontend_ip_configuration_id": "",
                "id": "/subscriptions/f33a3949-c701-4a60-ab8e-2899ff00ca83/resourceGroups/n01660400-rg/providers/Microsoft.Network/loadBalancers/AssignmentLoadbalancer/frontendIPConfigurations/PublicIPAddress",
                "inbound_nat_rules": [],
                "load_balancer_rules": [],
                "name": "PublicIPAddress",
                "outbound_rules": [],
                "private_ip_address": "",
                "private_ip_address_allocation": "Dynamic",
                "private_ip_address_version": "",
                "public_ip_address_id": "/subscriptions/f33a3949-c701-4a60-ab8e-2899ff00ca83/resourceGroups/n01660400-rg/providers/Microsoft.Network/publicIPAddresses/LB_IP",
                "public_ip_prefix_id": "",
                "subnet_id": "",
                "zones": null
              }
            ],
            "id": "/subscriptions/f33a3949-c701-4a60-ab8e-2899ff00ca83/resourceGroups/n01660400-rg/providers/Microsoft.Network/loadBalancers/AssignmentLoadbalancer",
            "location": "eastus",
            "name": "AssignmentLoadbalancer",
            "private_ip_address": "",
            "private_ip_addresses": [],
            "resource_group_name": "n01660400-rg",
            "sku": "Basic",
            "sku_tier": "Regional",
            "tags": {
              "Assignment": "CCGC 5502 Automation Assignment",
              "Environment": "Learning",
              "ExpirationDate": "2024-12-31",
              "Name": "Zeel.Patel"
            },
            "timeouts": null
          },
          "sensitive_attributes": [],
          "private": "eyJlMmJmYjczMC1lY2FhLTExZTYtOGY4OC0zNDM2M2JjN2M0YzAiOnsiY3JlYXRlIjoxODAwMDAwMDAwMDAwLCJkZWxldGUiOjE4MDAwMDAwMDAwMDAsInJlYWQiOjMwMDAwMDAwMDAwMCwidXBkYXRlIjoxODAwMDAwMDAwMDAwfX0=",
          "dependencies": [
            "module.loadbalancer.azurerm_public_ip.lb_ip",
            "module.resource_groups.azurerm_resource_group.rg_name"
          ]
        }
      ]
    },
    {
      "module": "module.loadbalancer",
      "mode": "managed",
      "type": "azurerm_lb_backend_address_pool",
      "name": "backend_lb_pool",
      "provider": "provider[\"registry.terraform.io/hashicorp/azurerm\"]",
      "instances": [
        {
          "schema_version": 0,
          "attributes": {
            "backend_ip_configurations": [],
            "id": "/subscriptions/f33a3949-c701-4a60-ab8e-2899ff00ca83/resourceGroups/n01660400-rg/providers/Microsoft.Network/loadBalancers/AssignmentLoadbalancer/backendAddressPools/backend_pool",
            "load_balancing_rules": [],
            "loadbalancer_id": "/subscriptions/f33a3949-c701-4a60-ab8e-2899ff00ca83/resourceGroups/n01660400-rg/providers/Microsoft.Network/loadBalancers/AssignmentLoadbalancer",
            "name": "backend_pool",
            "outbound_rules": [],
            "timeouts": null,
            "tunnel_interface": []
          },
          "sensitive_attributes": [],
          "private": "eyJlMmJmYjczMC1lY2FhLTExZTYtOGY4OC0zNDM2M2JjN2M0YzAiOnsiY3JlYXRlIjoxODAwMDAwMDAwMDAwLCJkZWxldGUiOjE4MDAwMDAwMDAwMDAsInJlYWQiOjMwMDAwMDAwMDAwMCwidXBkYXRlIjoxODAwMDAwMDAwMDAwfX0=",
          "dependencies": [
            "module.loadbalancer.azurerm_lb.lb",
            "module.loadbalancer.azurerm_public_ip.lb_ip",
            "module.resource_groups.azurerm_resource_group.rg_name"
          ]
        }
      ]
    },
    {
      "module": "module.loadbalancer",
      "mode": "managed",
      "type": "azurerm_lb_rule",
      "name": "lb_rule",
      "provider": "provider[\"registry.terraform.io/hashicorp/azurerm\"]",
      "instances": [
        {
          "schema_version": 0,
          "attributes": {
            "backend_address_pool_ids": null,
            "backend_port": 80,
            "disable_outbound_snat": false,
            "enable_floating_ip": false,
            "enable_tcp_reset": false,
            "frontend_ip_configuration_id": "/subscriptions/f33a3949-c701-4a60-ab8e-2899ff00ca83/resourceGroups/n01660400-rg/providers/Microsoft.Network/loadBalancers/AssignmentLoadbalancer/frontendIPConfigurations/PublicIPAddress",
            "frontend_ip_configuration_name": "PublicIPAddress",
            "frontend_port": 80,
            "id": "/subscriptions/f33a3949-c701-4a60-ab8e-2899ff00ca83/resourceGroups/n01660400-rg/providers/Microsoft.Network/loadBalancers/AssignmentLoadbalancer/loadBalancingRules/HTTP",
            "idle_timeout_in_minutes": 4,
            "load_distribution": "Default",
            "loadbalancer_id": "/subscriptions/f33a3949-c701-4a60-ab8e-2899ff00ca83/resourceGroups/n01660400-rg/providers/Microsoft.Network/loadBalancers/AssignmentLoadbalancer",
            "name": "HTTP",
            "probe_id": "",
            "protocol": "Tcp",
            "timeouts": null
          },
          "sensitive_attributes": [],
          "private": "eyJlMmJmYjczMC1lY2FhLTExZTYtOGY4OC0zNDM2M2JjN2M0YzAiOnsiY3JlYXRlIjoxODAwMDAwMDAwMDAwLCJkZWxldGUiOjE4MDAwMDAwMDAwMDAsInJlYWQiOjMwMDAwMDAwMDAwMCwidXBkYXRlIjoxODAwMDAwMDAwMDAwfX0=",
          "dependencies": [
            "module.loadbalancer.azurerm_lb.lb",
            "module.loadbalancer.azurerm_public_ip.lb_ip",
            "module.resource_groups.azurerm_resource_group.rg_name"
          ]
        }
      ]
    },
    {
      "module": "module.loadbalancer",
      "mode": "managed",
      "type": "azurerm_network_interface_backend_address_pool_association",
      "name": "nic_association",
      "provider": "provider[\"registry.terraform.io/hashicorp/azurerm\"]",
      "instances": [
        {
          "index_key": 0,
          "schema_version": 0,
          "attributes": {
            "backend_address_pool_id": "/subscriptions/f33a3949-c701-4a60-ab8e-2899ff00ca83/resourceGroups/n01660400-rg/providers/Microsoft.Network/loadBalancers/AssignmentLoadbalancer/backendAddressPools/backend_pool",
            "id": "/subscriptions/f33a3949-c701-4a60-ab8e-2899ff00ca83/resourceGroups/n01660400-rg/providers/Microsoft.Network/networkInterfaces/linux-nic-vm-n01660400-2/ipConfigurations/vm-n01660400-ipconfig-2|/subscriptions/f33a3949-c701-4a60-ab8e-2899ff00ca83/resourceGroups/n01660400-rg/providers/Microsoft.Network/loadBalancers/AssignmentLoadbalancer/backendAddressPools/backend_pool",
            "ip_configuration_name": "vm-n01660400-ipconfig-2",
            "network_interface_id": "/subscriptions/f33a3949-c701-4a60-ab8e-2899ff00ca83/resourceGroups/n01660400-rg/providers/Microsoft.Network/networkInterfaces/linux-nic-vm-n01660400-2",
            "timeouts": null
          },
          "sensitive_attributes": [],
          "private": "eyJlMmJmYjczMC1lY2FhLTExZTYtOGY4OC0zNDM2M2JjN2M0YzAiOnsiY3JlYXRlIjoxODAwMDAwMDAwMDAwLCJkZWxldGUiOjE4MDAwMDAwMDAwMDAsInJlYWQiOjMwMDAwMDAwMDAwMCwidXBkYXRlIjoxODAwMDAwMDAwMDAwfX0=",
          "dependencies": [
            "module.linux_vm.azurerm_network_interface.linux-nic",
            "module.linux_vm.azurerm_public_ip.linux-ip",
            "module.loadbalancer.azurerm_lb.lb",
            "module.loadbalancer.azurerm_lb_backend_address_pool.backend_lb_pool",
            "module.loadbalancer.azurerm_public_ip.lb_ip",
            "module.network.azurerm_subnet.subnet",
            "module.network.azurerm_virtual_network.vnet",
            "module.resource_groups.azurerm_resource_group.rg_name"
          ]
        },
        {
          "index_key": 1,
          "schema_version": 0,
          "attributes": {
            "backend_address_pool_id": "/subscriptions/f33a3949-c701-4a60-ab8e-2899ff00ca83/resourceGroups/n01660400-rg/providers/Microsoft.Network/loadBalancers/AssignmentLoadbalancer/backendAddressPools/backend_pool",
            "id": "/subscriptions/f33a3949-c701-4a60-ab8e-2899ff00ca83/resourceGroups/n01660400-rg/providers/Microsoft.Network/networkInterfaces/linux-nic-vm-n01660400-3/ipConfigurations/vm-n01660400-ipconfig-3|/subscriptions/f33a3949-c701-4a60-ab8e-2899ff00ca83/resourceGroups/n01660400-rg/providers/Microsoft.Network/loadBalancers/AssignmentLoadbalancer/backendAddressPools/backend_pool",
            "ip_configuration_name": "vm-n01660400-ipconfig-3",
            "network_interface_id": "/subscriptions/f33a3949-c701-4a60-ab8e-2899ff00ca83/resourceGroups/n01660400-rg/providers/Microsoft.Network/networkInterfaces/linux-nic-vm-n01660400-3",
            "timeouts": null
          },
          "sensitive_attributes": [],
          "private": "eyJlMmJmYjczMC1lY2FhLTExZTYtOGY4OC0zNDM2M2JjN2M0YzAiOnsiY3JlYXRlIjoxODAwMDAwMDAwMDAwLCJkZWxldGUiOjE4MDAwMDAwMDAwMDAsInJlYWQiOjMwMDAwMDAwMDAwMCwidXBkYXRlIjoxODAwMDAwMDAwMDAwfX0=",
          "dependencies": [
            "module.linux_vm.azurerm_network_interface.linux-nic",
            "module.linux_vm.azurerm_public_ip.linux-ip",
            "module.loadbalancer.azurerm_lb.lb",
            "module.loadbalancer.azurerm_lb_backend_address_pool.backend_lb_pool",
            "module.loadbalancer.azurerm_public_ip.lb_ip",
            "module.network.azurerm_subnet.subnet",
            "module.network.azurerm_virtual_network.vnet",
            "module.resource_groups.azurerm_resource_group.rg_name"
          ]
        },
        {
          "index_key": 2,
          "schema_version": 0,
          "attributes": {
            "backend_address_pool_id": "/subscriptions/f33a3949-c701-4a60-ab8e-2899ff00ca83/resourceGroups/n01660400-rg/providers/Microsoft.Network/loadBalancers/AssignmentLoadbalancer/backendAddressPools/backend_pool",
            "id": "/subscriptions/f33a3949-c701-4a60-ab8e-2899ff00ca83/resourceGroups/n01660400-rg/providers/Microsoft.Network/networkInterfaces/linux-nic-vm-n01660400-1/ipConfigurations/vm-n01660400-ipconfig-1|/subscriptions/f33a3949-c701-4a60-ab8e-2899ff00ca83/resourceGroups/n01660400-rg/providers/Microsoft.Network/loadBalancers/AssignmentLoadbalancer/backendAddressPools/backend_pool",
            "ip_configuration_name": "vm-n01660400-ipconfig-1",
            "network_interface_id": "/subscriptions/f33a3949-c701-4a60-ab8e-2899ff00ca83/resourceGroups/n01660400-rg/providers/Microsoft.Network/networkInterfaces/linux-nic-vm-n01660400-1",
            "timeouts": null
          },
          "sensitive_attributes": [],
          "private": "eyJlMmJmYjczMC1lY2FhLTExZTYtOGY4OC0zNDM2M2JjN2M0YzAiOnsiY3JlYXRlIjoxODAwMDAwMDAwMDAwLCJkZWxldGUiOjE4MDAwMDAwMDAwMDAsInJlYWQiOjMwMDAwMDAwMDAwMCwidXBkYXRlIjoxODAwMDAwMDAwMDAwfX0=",
          "dependencies": [
            "module.linux_vm.azurerm_network_interface.linux-nic",
            "module.linux_vm.azurerm_public_ip.linux-ip",
            "module.loadbalancer.azurerm_lb.lb",
            "module.loadbalancer.azurerm_lb_backend_address_pool.backend_lb_pool",
            "module.loadbalancer.azurerm_public_ip.lb_ip",
            "module.network.azurerm_subnet.subnet",
            "module.network.azurerm_virtual_network.vnet",
            "module.resource_groups.azurerm_resource_group.rg_name"
          ]
        }
      ]
    },
    {
      "module": "module.loadbalancer",
      "mode": "managed",
      "type": "azurerm_public_ip",
      "name": "lb_ip",
      "provider": "provider[\"registry.terraform.io/hashicorp/azurerm\"]",
      "instances": [
        {
          "schema_version": 0,
          "attributes": {
            "allocation_method": "Static",
            "domain_name_label": null,
            "edge_zone": "",
            "fqdn": null,
            "id": "/subscriptions/f33a3949-c701-4a60-ab8e-2899ff00ca83/resourceGroups/n01660400-rg/providers/Microsoft.Network/publicIPAddresses/LB_IP",
            "idle_timeout_in_minutes": 4,
            "ip_address": "52.168.173.194",
            "ip_tags": null,
            "ip_version": "IPv4",
            "location": "eastus",
            "name": "LB_IP",
            "public_ip_prefix_id": null,
            "resource_group_name": "n01660400-rg",
            "reverse_fqdn": null,
            "sku": "Basic",
            "sku_tier": "Regional",
            "tags": {
              "Assignment": "CCGC 5502 Automation Assignment",
              "Environment": "Learning",
              "ExpirationDate": "2024-12-31",
              "Name": "Zeel.Patel"
            },
            "timeouts": null,
            "zones": null
          },
          "sensitive_attributes": [],
          "private": "eyJlMmJmYjczMC1lY2FhLTExZTYtOGY4OC0zNDM2M2JjN2M0YzAiOnsiY3JlYXRlIjoxODAwMDAwMDAwMDAwLCJkZWxldGUiOjE4MDAwMDAwMDAwMDAsInJlYWQiOjMwMDAwMDAwMDAwMCwidXBkYXRlIjoxODAwMDAwMDAwMDAwfX0=",
          "dependencies": [
            "module.resource_groups.azurerm_resource_group.rg_name"
          ]
        }
      ]
    },
    {
      "module": "module.network",
      "mode": "managed",
      "type": "azurerm_network_security_group",
      "name": "network-nsg",
      "provider": "provider[\"registry.terraform.io/hashicorp/azurerm\"]",
      "instances": [
        {
          "schema_version": 0,
          "attributes": {
            "id": "/subscriptions/f33a3949-c701-4a60-ab8e-2899ff00ca83/resourceGroups/n01660400-rg/providers/Microsoft.Network/networkSecurityGroups/n01660400-NSG",
            "location": "eastus",
            "name": "n01660400-NSG",
            "resource_group_name": "n01660400-rg",
            "security_rule": [
              {
                "access": "Allow",
                "description": "",
                "destination_address_prefix": "*",
                "destination_address_prefixes": [],
                "destination_application_security_group_ids": [],
                "destination_port_range": "22",
                "destination_port_ranges": [],
                "direction": "Inbound",
                "name": "rule1",
                "priority": 100,
                "protocol": "Tcp",
                "source_address_prefix": "*",
                "source_address_prefixes": [],
                "source_application_security_group_ids": [],
                "source_port_range": "*",
                "source_port_ranges": []
              },
              {
                "access": "Allow",
                "description": "",
                "destination_address_prefix": "*",
                "destination_address_prefixes": [],
                "destination_application_security_group_ids": [],
                "destination_port_range": "3389",
                "destination_port_ranges": [],
                "direction": "Inbound",
                "name": "rule2",
                "priority": 110,
                "protocol": "Tcp",
                "source_address_prefix": "*",
                "source_address_prefixes": [],
                "source_application_security_group_ids": [],
                "source_port_range": "*",
                "source_port_ranges": []
              },
              {
                "access": "Allow",
                "description": "",
                "destination_address_prefix": "*",
                "destination_address_prefixes": [],
                "destination_application_security_group_ids": [],
                "destination_port_range": "5985",
                "destination_port_ranges": [],
                "direction": "Inbound",
                "name": "rule3",
                "priority": 120,
                "protocol": "Tcp",
                "source_address_prefix": "*",
                "source_address_prefixes": [],
                "source_application_security_group_ids": [],
                "source_port_range": "*",
                "source_port_ranges": []
              },
              {
                "access": "Allow",
                "description": "",
                "destination_address_prefix": "*",
                "destination_address_prefixes": [],
                "destination_application_security_group_ids": [],
                "destination_port_range": "80",
                "destination_port_ranges": [],
                "direction": "Inbound",
                "name": "rule4",
                "priority": 130,
                "protocol": "Tcp",
                "source_address_prefix": "*",
                "source_address_prefixes": [],
                "source_application_security_group_ids": [],
                "source_port_range": "*",
                "source_port_ranges": []
              }
            ],
            "tags": {
              "Assignment": "CCGC 5502 Automation Assignment",
              "Environment": "Learning",
              "ExpirationDate": "2024-12-31",
              "Name": "Zeel.Patel"
            },
            "timeouts": null
          },
          "sensitive_attributes": [],
          "private": "eyJlMmJmYjczMC1lY2FhLTExZTYtOGY4OC0zNDM2M2JjN2M0YzAiOnsiY3JlYXRlIjoxODAwMDAwMDAwMDAwLCJkZWxldGUiOjE4MDAwMDAwMDAwMDAsInJlYWQiOjMwMDAwMDAwMDAwMCwidXBkYXRlIjoxODAwMDAwMDAwMDAwfX0=",
          "dependencies": [
            "module.resource_groups.azurerm_resource_group.rg_name"
          ]
        }
      ]
    },
    {
      "module": "module.network",
      "mode": "managed",
      "type": "azurerm_subnet",
      "name": "subnet",
      "provider": "provider[\"registry.terraform.io/hashicorp/azurerm\"]",
      "instances": [
        {
          "schema_version": 0,
          "attributes": {
            "address_prefixes": [
              "10.0.1.0/24"
            ],
            "delegation": [],
            "enforce_private_link_endpoint_network_policies": false,
            "enforce_private_link_service_network_policies": false,
            "id": "/subscriptions/f33a3949-c701-4a60-ab8e-2899ff00ca83/resourceGroups/n01660400-rg/providers/Microsoft.Network/virtualNetworks/n01660400-VNET/subnets/n01660400-SUBNET",
            "name": "n01660400-SUBNET",
            "resource_group_name": "n01660400-rg",
            "service_endpoint_policy_ids": null,
            "service_endpoints": null,
            "timeouts": null,
            "virtual_network_name": "n01660400-VNET"
          },
          "sensitive_attributes": [],
          "private": "eyJlMmJmYjczMC1lY2FhLTExZTYtOGY4OC0zNDM2M2JjN2M0YzAiOnsiY3JlYXRlIjoxODAwMDAwMDAwMDAwLCJkZWxldGUiOjE4MDAwMDAwMDAwMDAsInJlYWQiOjMwMDAwMDAwMDAwMCwidXBkYXRlIjoxODAwMDAwMDAwMDAwfX0=",
          "dependencies": [
            "module.network.azurerm_virtual_network.vnet",
            "module.resource_groups.azurerm_resource_group.rg_name"
          ]
        }
      ]
    },
    {
      "module": "module.network",
      "mode": "managed",
      "type": "azurerm_subnet_network_security_group_association",
      "name": "subnet-nsg-association",
      "provider": "provider[\"registry.terraform.io/hashicorp/azurerm\"]",
      "instances": [
        {
          "schema_version": 0,
          "attributes": {
            "id": "/subscriptions/f33a3949-c701-4a60-ab8e-2899ff00ca83/resourceGroups/n01660400-rg/providers/Microsoft.Network/virtualNetworks/n01660400-VNET/subnets/n01660400-SUBNET",
            "network_security_group_id": "/subscriptions/f33a3949-c701-4a60-ab8e-2899ff00ca83/resourceGroups/n01660400-rg/providers/Microsoft.Network/networkSecurityGroups/n01660400-NSG",
            "subnet_id": "/subscriptions/f33a3949-c701-4a60-ab8e-2899ff00ca83/resourceGroups/n01660400-rg/providers/Microsoft.Network/virtualNetworks/n01660400-VNET/subnets/n01660400-SUBNET",
            "timeouts": null
          },
          "sensitive_attributes": [],
          "private": "eyJlMmJmYjczMC1lY2FhLTExZTYtOGY4OC0zNDM2M2JjN2M0YzAiOnsiY3JlYXRlIjoxODAwMDAwMDAwMDAwLCJkZWxldGUiOjE4MDAwMDAwMDAwMDAsInJlYWQiOjMwMDAwMDAwMDAwMCwidXBkYXRlIjoxODAwMDAwMDAwMDAwfX0=",
          "dependencies": [
            "module.network.azurerm_network_security_group.network-nsg",
            "module.network.azurerm_subnet.subnet",
            "module.network.azurerm_virtual_network.vnet",
            "module.resource_groups.azurerm_resource_group.rg_name"
          ]
        }
      ]
    },
    {
      "module": "module.network",
      "mode": "managed",
      "type": "azurerm_virtual_network",
      "name": "vnet",
      "provider": "provider[\"registry.terraform.io/hashicorp/azurerm\"]",
      "instances": [
        {
          "schema_version": 0,
          "attributes": {
            "address_space": [
              "10.0.0.0/16"
            ],
            "bgp_community": "",
            "ddos_protection_plan": [],
            "dns_servers": [],
            "edge_zone": "",
            "flow_timeout_in_minutes": 0,
            "guid": "843630ae-eabb-4ea7-9219-41e44561d343",
            "id": "/subscriptions/f33a3949-c701-4a60-ab8e-2899ff00ca83/resourceGroups/n01660400-rg/providers/Microsoft.Network/virtualNetworks/n01660400-VNET",
            "location": "eastus",
            "name": "n01660400-VNET",
            "resource_group_name": "n01660400-rg",
            "subnet": [],
            "tags": {
              "Assignment": "CCGC 5502 Automation Assignment",
              "Environment": "Learning",
              "ExpirationDate": "2024-12-31",
              "Name": "Zeel.Patel"
            },
            "timeouts": null
          },
          "sensitive_attributes": [],
          "private": "eyJlMmJmYjczMC1lY2FhLTExZTYtOGY4OC0zNDM2M2JjN2M0YzAiOnsiY3JlYXRlIjoxODAwMDAwMDAwMDAwLCJkZWxldGUiOjE4MDAwMDAwMDAwMDAsInJlYWQiOjMwMDAwMDAwMDAwMCwidXBkYXRlIjoxODAwMDAwMDAwMDAwfX0=",
          "dependencies": [
            "module.resource_groups.azurerm_resource_group.rg_name"
          ]
        }
      ]
    },
    {
      "module": "module.resource_groups",
      "mode": "managed",
      "type": "azurerm_resource_group",
      "name": "rg_name",
      "provider": "provider[\"registry.terraform.io/hashicorp/azurerm\"]",
      "instances": [
        {
          "schema_version": 0,
          "attributes": {
            "id": "/subscriptions/f33a3949-c701-4a60-ab8e-2899ff00ca83/resourceGroups/n01660400-rg",
            "location": "eastus",
            "name": "n01660400-rg",
            "tags": {
              "Assignment": "CCGC 5502 Automation Assignment",
              "Environment": "Learning",
              "ExpirationDate": "2024-12-31",
              "Name": "Zeel.Patel"
            },
            "timeouts": null
          },
          "sensitive_attributes": [],
          "private": "eyJlMmJmYjczMC1lY2FhLTExZTYtOGY4OC0zNDM2M2JjN2M0YzAiOnsiY3JlYXRlIjo1NDAwMDAwMDAwMDAwLCJkZWxldGUiOjU0MDAwMDAwMDAwMDAsInJlYWQiOjMwMDAwMDAwMDAwMCwidXBkYXRlIjo1NDAwMDAwMDAwMDAwfX0="
        }
      ]
    },
    {
      "module": "module.windows_vm",
      "mode": "managed",
      "type": "azurerm_availability_set",
      "name": "windows_avs",
      "provider": "provider[\"registry.terraform.io/hashicorp/azurerm\"]",
      "instances": [
        {
          "schema_version": 0,
          "attributes": {
            "id": "/subscriptions/f33a3949-c701-4a60-ab8e-2899ff00ca83/resourceGroups/n01660400-rg/providers/Microsoft.Compute/availabilitySets/wvm-n01660400-avs",
            "location": "eastus",
            "managed": true,
            "name": "wvm-n01660400-avs",
            "platform_fault_domain_count": 2,
            "platform_update_domain_count": 5,
            "proximity_placement_group_id": null,
            "resource_group_name": "n01660400-rg",
            "tags": null,
            "timeouts": null
          },
          "sensitive_attributes": [],
          "private": "eyJlMmJmYjczMC1lY2FhLTExZTYtOGY4OC0zNDM2M2JjN2M0YzAiOnsiY3JlYXRlIjoxODAwMDAwMDAwMDAwLCJkZWxldGUiOjE4MDAwMDAwMDAwMDAsInJlYWQiOjMwMDAwMDAwMDAwMCwidXBkYXRlIjoxODAwMDAwMDAwMDAwfX0=",
          "dependencies": [
            "module.resource_groups.azurerm_resource_group.rg_name"
          ]
        }
      ]
    },
    {
      "module": "module.windows_vm",
      "mode": "managed",
      "type": "azurerm_network_interface",
      "name": "windows-nic",
      "provider": "provider[\"registry.terraform.io/hashicorp/azurerm\"]",
      "instances": [
        {
          "index_key": 0,
          "schema_version": 0,
          "attributes": {
            "applied_dns_servers": [],
            "dns_servers": [],
            "edge_zone": "",
            "enable_accelerated_networking": false,
            "enable_ip_forwarding": false,
            "id": "/subscriptions/f33a3949-c701-4a60-ab8e-2899ff00ca83/resourceGroups/n01660400-rg/providers/Microsoft.Network/networkInterfaces/windows-nic-wvm-n01660400-1",
            "internal_dns_name_label": "",
            "internal_domain_name_suffix": "vyydnbf13ktu3eqzihsekyotid.bx.internal.cloudapp.net",
            "ip_configuration": [
              {
                "gateway_load_balancer_frontend_ip_configuration_id": "",
                "name": "wvm-n01660400-ipconfig-1",
                "primary": true,
                "private_ip_address": "10.0.1.7",
                "private_ip_address_allocation": "Dynamic",
                "private_ip_address_version": "IPv4",
                "public_ip_address_id": "/subscriptions/f33a3949-c701-4a60-ab8e-2899ff00ca83/resourceGroups/n01660400-rg/providers/Microsoft.Network/publicIPAddresses/wvm-n01660400-1-pip",
                "subnet_id": "/subscriptions/f33a3949-c701-4a60-ab8e-2899ff00ca83/resourceGroups/n01660400-rg/providers/Microsoft.Network/virtualNetworks/n01660400-VNET/subnets/n01660400-SUBNET"
              }
            ],
            "location": "eastus",
            "mac_address": "",
            "name": "windows-nic-wvm-n01660400-1",
            "private_ip_address": "10.0.1.7",
            "private_ip_addresses": [
              "10.0.1.7"
            ],
            "resource_group_name": "n01660400-rg",
            "tags": null,
            "timeouts": null,
            "virtual_machine_id": ""
          },
          "sensitive_attributes": [],
          "private": "eyJlMmJmYjczMC1lY2FhLTExZTYtOGY4OC0zNDM2M2JjN2M0YzAiOnsiY3JlYXRlIjoxODAwMDAwMDAwMDAwLCJkZWxldGUiOjE4MDAwMDAwMDAwMDAsInJlYWQiOjMwMDAwMDAwMDAwMCwidXBkYXRlIjoxODAwMDAwMDAwMDAwfX0=",
          "dependencies": [
            "module.network.azurerm_subnet.subnet",
            "module.network.azurerm_virtual_network.vnet",
            "module.resource_groups.azurerm_resource_group.rg_name",
            "module.windows_vm.azurerm_public_ip.windows-ip"
          ]
        }
      ]
    },
    {
      "module": "module.windows_vm",
      "mode": "managed",
      "type": "azurerm_public_ip",
      "name": "windows-ip",
      "provider": "provider[\"registry.terraform.io/hashicorp/azurerm\"]",
      "instances": [
        {
          "index_key": 0,
          "schema_version": 0,
          "attributes": {
            "allocation_method": "Dynamic",
            "domain_name_label": "wvm-n01660400-1",
            "edge_zone": "",
            "fqdn": "wvm-n01660400-1.eastus.cloudapp.azure.com",
            "id": "/subscriptions/f33a3949-c701-4a60-ab8e-2899ff00ca83/resourceGroups/n01660400-rg/providers/Microsoft.Network/publicIPAddresses/wvm-n01660400-1-pip",
            "idle_timeout_in_minutes": 4,
            "ip_address": "",
            "ip_tags": null,
            "ip_version": "IPv4",
            "location": "eastus",
            "name": "wvm-n01660400-1-pip",
            "public_ip_prefix_id": null,
            "resource_group_name": "n01660400-rg",
            "reverse_fqdn": "",
            "sku": "Basic",
            "sku_tier": "Regional",
            "tags": null,
            "timeouts": null,
            "zones": null
          },
          "sensitive_attributes": [],
          "private": "eyJlMmJmYjczMC1lY2FhLTExZTYtOGY4OC0zNDM2M2JjN2M0YzAiOnsiY3JlYXRlIjoxODAwMDAwMDAwMDAwLCJkZWxldGUiOjE4MDAwMDAwMDAwMDAsInJlYWQiOjMwMDAwMDAwMDAwMCwidXBkYXRlIjoxODAwMDAwMDAwMDAwfX0=",
          "dependencies": [
            "module.resource_groups.azurerm_resource_group.rg_name"
          ]
        }
      ]
    },
    {
      "module": "module.windows_vm",
      "mode": "managed",
      "type": "azurerm_virtual_machine_extension",
      "name": "windows_antimalware",
      "provider": "provider[\"registry.terraform.io/hashicorp/azurerm\"]",
      "instances": [
        {
          "index_key": 0,
          "schema_version": 0,
          "attributes": {
            "auto_upgrade_minor_version": false,
            "automatic_upgrade_enabled": false,
            "id": "/subscriptions/f33a3949-c701-4a60-ab8e-2899ff00ca83/resourceGroups/n01660400-rg/providers/Microsoft.Compute/virtualMachines/wvm-n01660400-1/extensions/wvm-n01660400-antimalware-1",
            "name": "wvm-n01660400-antimalware-1",
            "protected_settings": null,
            "publisher": "Microsoft.Azure.Security",
            "settings": null,
            "tags": null,
            "timeouts": null,
            "type": "IaaSAntimalware",
            "type_handler_version": "1.3",
            "virtual_machine_id": "/subscriptions/f33a3949-c701-4a60-ab8e-2899ff00ca83/resourceGroups/n01660400-rg/providers/Microsoft.Compute/virtualMachines/wvm-n01660400-1"
          },
          "sensitive_attributes": [
            [
              {
                "type": "get_attr",
                "value": "protected_settings"
              }
            ]
          ],
          "private": "eyJlMmJmYjczMC1lY2FhLTExZTYtOGY4OC0zNDM2M2JjN2M0YzAiOnsiY3JlYXRlIjoxODAwMDAwMDAwMDAwLCJkZWxldGUiOjE4MDAwMDAwMDAwMDAsInJlYWQiOjMwMDAwMDAwMDAwMCwidXBkYXRlIjoxODAwMDAwMDAwMDAwfX0=",
          "dependencies": [
            "module.common.azurerm_storage_account.storage_account",
            "module.network.azurerm_subnet.subnet",
            "module.network.azurerm_virtual_network.vnet",
            "module.resource_groups.azurerm_resource_group.rg_name",
            "module.windows_vm.azurerm_availability_set.windows_avs",
            "module.windows_vm.azurerm_network_interface.windows-nic",
            "module.windows_vm.azurerm_public_ip.windows-ip",
            "module.windows_vm.azurerm_windows_virtual_machine.vm-windows"
          ]
        }
      ]
    },
    {
      "module": "module.windows_vm",
      "mode": "managed",
      "type": "azurerm_windows_virtual_machine",
      "name": "vm-windows",
      "provider": "provider[\"registry.terraform.io/hashicorp/azurerm\"]",
      "instances": [
        {
          "index_key": 0,
          "schema_version": 0,
          "attributes": {
            "additional_capabilities": [],
            "additional_unattend_content": [],
            "admin_password": "Admin1234",
            "admin_username": "Japan",
            "allow_extension_operations": true,
            "availability_set_id": "/subscriptions/f33a3949-c701-4a60-ab8e-2899ff00ca83/resourceGroups/n01660400-rg/providers/Microsoft.Compute/availabilitySets/WVM-N01660400-AVS",
            "boot_diagnostics": [
              {
                "storage_account_uri": "https://n01660400storage.blob.core.windows.net/"
              }
            ],
            "computer_name": "wvm-n01660400-1",
            "custom_data": null,
            "dedicated_host_group_id": "",
            "dedicated_host_id": "",
            "edge_zone": "",
            "enable_automatic_updates": true,
            "encryption_at_host_enabled": false,
            "eviction_policy": "",
            "extensions_time_budget": "PT1H30M",
            "hotpatching_enabled": false,
            "id": "/subscriptions/f33a3949-c701-4a60-ab8e-2899ff00ca83/resourceGroups/n01660400-rg/providers/Microsoft.Compute/virtualMachines/wvm-n01660400-1",
            "identity": [],
            "license_type": "",
            "location": "eastus",
            "max_bid_price": -1,
            "name": "wvm-n01660400-1",
            "network_interface_ids": [
              "/subscriptions/f33a3949-c701-4a60-ab8e-2899ff00ca83/resourceGroups/n01660400-rg/providers/Microsoft.Network/networkInterfaces/windows-nic-wvm-n01660400-1"
            ],
            "os_disk": [
              {
                "caching": "ReadWrite",
                "diff_disk_settings": [],
                "disk_encryption_set_id": "",
                "disk_size_gb": 128,
                "name": "wvm-n01660400-osdisk-1",
                "storage_account_type": "StandardSSD_LRS",
                "write_accelerator_enabled": false
              }
            ],
            "patch_mode": "AutomaticByOS",
            "plan": [],
            "platform_fault_domain": -1,
            "priority": "Regular",
            "private_ip_address": "10.0.1.7",
            "private_ip_addresses": [
              "10.0.1.7"
            ],
            "provision_vm_agent": true,
            "proximity_placement_group_id": "",
            "public_ip_address": "52.168.172.31",
            "public_ip_addresses": [
              "52.168.172.31"
            ],
            "resource_group_name": "n01660400-rg",
            "secret": [],
            "secure_boot_enabled": false,
            "size": "Standard_B1s",
            "source_image_id": "",
            "source_image_reference": [
              {
                "offer": "WindowsServer",
                "publisher": "MicrosoftWindowsServer",
                "sku": "2019-Datacenter",
                "version": "latest"
              }
            ],
            "tags": null,
            "termination_notification": null,
            "timeouts": null,
            "timezone": "",
            "user_data": "",
            "virtual_machine_id": "aaf7ca34-e282-484d-8b5c-79db34e703cf",
            "virtual_machine_scale_set_id": "",
            "vtpm_enabled": false,
            "winrm_listener": [],
            "zone": ""
          },
          "sensitive_attributes": [
            [
              {
                "type": "get_attr",
                "value": "custom_data"
              }
            ],
            [
              {
                "type": "get_attr",
                "value": "admin_password"
              }
            ]
          ],
          "private": "eyJlMmJmYjczMC1lY2FhLTExZTYtOGY4OC0zNDM2M2JjN2M0YzAiOnsiY3JlYXRlIjoyNzAwMDAwMDAwMDAwLCJkZWxldGUiOjI3MDAwMDAwMDAwMDAsInJlYWQiOjMwMDAwMDAwMDAwMCwidXBkYXRlIjoyNzAwMDAwMDAwMDAwfX0=",
          "dependencies": [
            "module.common.azurerm_storage_account.storage_account",
            "module.network.azurerm_subnet.subnet",
            "module.network.azurerm_virtual_network.vnet",
            "module.resource_groups.azurerm_resource_group.rg_name",
            "module.windows_vm.azurerm_availability_set.windows_avs",
            "module.windows_vm.azurerm_network_interface.windows-nic",
            "module.windows_vm.azurerm_public_ip.windows-ip"
          ]
        }
      ]
    }
  ],
  "check_results": null
}
